<?xml version="1.0" encoding="UTF-8" standalone="no"?><Scheme LastUpgradeVersion="9999" version="1.7"><BuildAction buildImplicitDependencies="YES" parallelizeBuildables="YES"><BuildActionEntries><BuildActionEntry buildForAnalyzing="YES" buildForArchiving="YES" buildForProfiling="YES" buildForRunning="YES" buildForTesting="YES"><BuildableReference BlueprintIdentifier="E66DC04EEC9D2DD100000000" BlueprintName="TestLibraryTransitiveDep2" BuildableIdentifier="primary" BuildableName="TestLibraryTransitiveDep2.framework" ReferencedContainer="container:Project.xcodeproj"/></BuildActionEntry><BuildActionEntry buildForAnalyzing="YES" buildForArchiving="YES" buildForProfiling="YES" buildForRunning="YES" buildForTesting="YES"><BuildableReference BlueprintIdentifier="E66DC04E9C47228100000000" BlueprintName="TestLibraryTransitiveDep" BuildableIdentifier="primary" BuildableName="TestLibraryTransitiveDep.framework" ReferencedContainer="container:Project.xcodeproj"/></BuildActionEntry><BuildActionEntry buildForAnalyzing="YES" buildForArchiving="YES" buildForProfiling="YES" buildForRunning="YES" buildForTesting="YES"><BuildableReference BlueprintIdentifier="E66DC04E778347A600000000" BlueprintName="TestLibraryDep" BuildableIdentifier="primary" BuildableName="TestLibraryDep.framework" ReferencedContainer="container:Project.xcodeproj"/></BuildActionEntry><BuildActionEntry buildForAnalyzing="YES" buildForArchiving="YES" buildForProfiling="YES" buildForRunning="YES" buildForTesting="YES"><BuildableReference BlueprintIdentifier="E66DC04E55EB37A900000000" BlueprintName="TestLibrary" BuildableIdentifier="primary" BuildableName="TestLibrary.framework" ReferencedContainer="container:Project.xcodeproj"/></BuildActionEntry><BuildActionEntry buildForAnalyzing="YES" buildForArchiving="YES" buildForProfiling="YES" buildForRunning="YES" buildForTesting="YES"><BuildableReference BlueprintIdentifier="E66DC04E0E6F340F00000000" BlueprintName="TestApp" BuildableIdentifier="primary" BuildableName="TestApp" ReferencedContainer="container:Project.xcodeproj"/></BuildActionEntry></BuildActionEntries></BuildAction><TestAction buildConfiguration="Debug" shouldUseLaunchSchemeArgsEnv="YES"><Testables/></TestAction><LaunchAction buildConfiguration="Debug" launchStyle="0"><BuildableProductRunnable><BuildableReference BlueprintIdentifier="E66DC04E0E6F340F00000000" BlueprintName="TestApp" BuildableIdentifier="primary" BuildableName="TestApp" ReferencedContainer="container:Project.xcodeproj"/></BuildableProductRunnable></LaunchAction><ProfileAction buildConfiguration="Release"><BuildableProductRunnable><BuildableReference BlueprintIdentifier="E66DC04E0E6F340F00000000" BlueprintName="TestApp" BuildableIdentifier="primary" BuildableName="TestApp" ReferencedContainer="container:Project.xcodeproj"/></BuildableProductRunnable></ProfileAction><AnalyzeAction buildConfiguration="Debug"/><ArchiveAction buildConfiguration="Release" revealArchiveInOrganizer="YES"/></Scheme>