<?xml version="1.0" encoding="UTF-8" standalone="no"?><Scheme LastUpgradeVersion="9999" version="1.7"><BuildAction buildImplicitDependencies="YES" parallelizeBuildables="YES"><BuildActionEntries><BuildActionEntry buildForAnalyzing="YES" buildForArchiving="YES" buildForProfiling="YES" buildForRunning="YES" buildForTesting="YES"><BuildableReference BlueprintIdentifier="E66DC04EEE6F5EF200000000" BlueprintName="App1Bundle" BuildableIdentifier="primary" BuildableName="App1Bundle.app" ReferencedContainer="container:App1.xcodeproj"/></BuildActionEntry></BuildActionEntries></BuildAction><TestAction buildConfiguration="Debug" shouldUseLaunchSchemeArgsEnv="YES"><Testables/></TestAction><LaunchAction buildConfiguration="Debug" launchStyle="0"><BuildableProductRunnable><BuildableReference BlueprintIdentifier="E66DC04EEE6F5EF200000000" BlueprintName="App1Bundle" BuildableIdentifier="primary" BuildableName="App1Bundle.app" ReferencedContainer="container:App1.xcodeproj"/></BuildableProductRunnable></LaunchAction><ProfileAction buildConfiguration="Release"><BuildableProductRunnable><BuildableReference BlueprintIdentifier="E66DC04EEE6F5EF200000000" BlueprintName="App1Bundle" BuildableIdentifier="primary" BuildableName="App1Bundle.app" ReferencedContainer="container:App1.xcodeproj"/></BuildableProductRunnable></ProfileAction><AnalyzeAction buildConfiguration="Debug"/><ArchiveAction buildConfiguration="Release" revealArchiveInOrganizer="YES"/></Scheme>