<?xml version="1.0" encoding="UTF-8"?>
<!DOCTYPE plist PUBLIC "-//Apple//DTD PLIST 1.0//EN" "http://www.apple.com/DTDs/PropertyList-1.0.dtd">
<plist version="1.0">
<dict>
	<key>archiveVersion</key>
	<string>1</string>
	<key>classes</key>
	<dict>
	</dict>
	<key>objectVersion</key>
	<string>46</string>
	<key>objects</key>
	<dict>
		<key>1DD70E29E4B004C600000000</key>
		<dict>
			<key>isa</key>
			<string>PBXFileReference</string>
			<key>name</key>
			<string>TestApp-Debug.xcconfig</string>
			<key>path</key>
			<string>buck-out/gen/TestApp-Debug.xcconfig</string>
			<key>sourceTree</key>
			<string>SOURCE_ROOT</string>
			<key>explicitFileType</key>
			<string>text.xcconfig</string>
		</dict>
		<key>1DD70E295DE482B000000000</key>
		<dict>
			<key>isa</key>
			<string>PBXFileReference</string>
			<key>name</key>
			<string>TestApp-Profile.xcconfig</string>
			<key>path</key>
			<string>buck-out/gen/TestApp-Profile.xcconfig</string>
			<key>sourceTree</key>
			<string>SOURCE_ROOT</string>
			<key>explicitFileType</key>
			<string>text.xcconfig</string>
		</dict>
		<key>1DD70E29D17B2E1200000000</key>
		<dict>
			<key>isa</key>
			<string>PBXFileReference</string>
			<key>name</key>
			<string>TestApp-Release.xcconfig</string>
			<key>path</key>
			<string>buck-out/gen/TestApp-Release.xcconfig</string>
			<key>sourceTree</key>
			<string>SOURCE_ROOT</string>
			<key>explicitFileType</key>
			<string>text.xcconfig</string>
		</dict>
		<key>1DD70E296F30DA9100000000</key>
		<dict>
			<key>isa</key>
			<string>PBXFileReference</string>
			<key>name</key>
			<string>TestLibrary#framework-Debug.xcconfig</string>
			<key>path</key>
			<string>buck-out/gen/TestLibrary#framework-Debug.xcconfig</string>
			<key>sourceTree</key>
			<string>SOURCE_ROOT</string>
			<key>explicitFileType</key>
			<string>text.xcconfig</string>
		</dict>
		<key>1DD70E294B8711BB00000000</key>
		<dict>
			<key>isa</key>
			<string>PBXFileReference</string>
			<key>name</key>
			<string>TestLibrary#framework-Profile.xcconfig</string>
			<key>path</key>
			<string>buck-out/gen/TestLibrary#framework-Profile.xcconfig</string>
			<key>sourceTree</key>
			<string>SOURCE_ROOT</string>
			<key>explicitFileType</key>
			<string>text.xcconfig</string>
		</dict>
		<key>1DD70E29BF1DBD1D00000000</key>
		<dict>
			<key>isa</key>
			<string>PBXFileReference</string>
			<key>name</key>
			<string>TestLibrary#framework-Release.xcconfig</string>
			<key>path</key>
			<string>buck-out/gen/TestLibrary#framework-Release.xcconfig</string>
			<key>sourceTree</key>
			<string>SOURCE_ROOT</string>
			<key>explicitFileType</key>
			<string>text.xcconfig</string>
		</dict>
		<key>1DD70E29919D704F00000000</key>
		<dict>
			<key>isa</key>
			<string>PBXFileReference</string>
			<key>name</key>
			<string>TestLibraryDep-Debug.xcconfig</string>
			<key>path</key>
			<string>buck-out/gen/TestLibraryDep-Debug.xcconfig</string>
			<key>sourceTree</key>
			<string>SOURCE_ROOT</string>
			<key>explicitFileType</key>
			<string>text.xcconfig</string>
		</dict>
		<key>1DD70E2985252FF900000000</key>
		<dict>
			<key>isa</key>
			<string>PBXFileReference</string>
			<key>name</key>
			<string>TestLibraryDep-Profile.xcconfig</string>
			<key>path</key>
			<string>buck-out/gen/TestLibraryDep-Profile.xcconfig</string>
			<key>sourceTree</key>
			<string>SOURCE_ROOT</string>
			<key>explicitFileType</key>
			<string>text.xcconfig</string>
		</dict>
		<key>1DD70E29F8BBDB5B00000000</key>
		<dict>
			<key>isa</key>
			<string>PBXFileReference</string>
			<key>name</key>
			<string>TestLibraryDep-Release.xcconfig</string>
			<key>path</key>
			<string>buck-out/gen/TestLibraryDep-Release.xcconfig</string>
			<key>sourceTree</key>
			<string>SOURCE_ROOT</string>
			<key>explicitFileType</key>
			<string>text.xcconfig</string>
		</dict>
		<key>1DD70E291D33241400000000</key>
		<dict>
			<key>isa</key>
			<string>PBXFileReference</string>
			<key>name</key>
			<string>TestLibraryTransitiveDep-Debug.xcconfig</string>
			<key>path</key>
			<string>buck-out/gen/TestLibraryTransitiveDep-Debug.xcconfig</string>
			<key>sourceTree</key>
			<string>SOURCE_ROOT</string>
			<key>explicitFileType</key>
			<string>text.xcconfig</string>
		</dict>
		<key>1DD70E29821D067E00000000</key>
		<dict>
			<key>isa</key>
			<string>PBXFileReference</string>
			<key>name</key>
			<string>TestLibraryTransitiveDep-Profile.xcconfig</string>
			<key>path</key>
			<string>buck-out/gen/TestLibraryTransitiveDep-Profile.xcconfig</string>
			<key>sourceTree</key>
			<string>SOURCE_ROOT</string>
			<key>explicitFileType</key>
			<string>text.xcconfig</string>
		</dict>
		<key>1DD70E29F5B3B1E000000000</key>
		<dict>
			<key>isa</key>
			<string>PBXFileReference</string>
			<key>name</key>
			<string>TestLibraryTransitiveDep-Release.xcconfig</string>
			<key>path</key>
			<string>buck-out/gen/TestLibraryTransitiveDep-Release.xcconfig</string>
			<key>sourceTree</key>
			<string>SOURCE_ROOT</string>
			<key>explicitFileType</key>
			<string>text.xcconfig</string>
		</dict>
		<key>1DD70E293174A16900000000</key>
		<dict>
			<key>isa</key>
			<string>PBXFileReference</string>
			<key>name</key>
			<string>TestLibraryTransitiveDep2#framework-Debug.xcconfig</string>
			<key>path</key>
			<string>buck-out/gen/TestLibraryTransitiveDep2#framework-Debug.xcconfig</string>
			<key>sourceTree</key>
			<string>SOURCE_ROOT</string>
			<key>explicitFileType</key>
			<string>text.xcconfig</string>
		</dict>
		<key>1DD70E298BF4829300000000</key>
		<dict>
			<key>isa</key>
			<string>PBXFileReference</string>
			<key>name</key>
			<string>TestLibraryTransitiveDep2#framework-Profile.xcconfig</string>
			<key>path</key>
			<string>buck-out/gen/TestLibraryTransitiveDep2#framework-Profile.xcconfig</string>
			<key>sourceTree</key>
			<string>SOURCE_ROOT</string>
			<key>explicitFileType</key>
			<string>text.xcconfig</string>
		</dict>
		<key>1DD70E29FF8B2DF500000000</key>
		<dict>
			<key>isa</key>
			<string>PBXFileReference</string>
			<key>name</key>
			<string>TestLibraryTransitiveDep2#framework-Release.xcconfig</string>
			<key>path</key>
			<string>buck-out/gen/TestLibraryTransitiveDep2#framework-Release.xcconfig</string>
			<key>sourceTree</key>
			<string>SOURCE_ROOT</string>
			<key>explicitFileType</key>
			<string>text.xcconfig</string>
		</dict>
		<key>B401C9792F7F325000000000</key>
		<dict>
			<key>isa</key>
			<string>PBXGroup</string>
			<key>name</key>
			<string>Buck (Do Not Modify)</string>
			<key>sourceTree</key>
			<string><![CDATA[<group>]]></string>
			<key>children</key>
			<array>
				<string>1DD70E29E4B004C600000000</string>
				<string>1DD70E295DE482B000000000</string>
				<string>1DD70E29D17B2E1200000000</string>
				<string>1DD70E296F30DA9100000000</string>
				<string>1DD70E294B8711BB00000000</string>
				<string>1DD70E29BF1DBD1D00000000</string>
				<string>1DD70E29919D704F00000000</string>
				<string>1DD70E2985252FF900000000</string>
				<string>1DD70E29F8BBDB5B00000000</string>
				<string>1DD70E291D33241400000000</string>
				<string>1DD70E29821D067E00000000</string>
				<string>1DD70E29F5B3B1E000000000</string>
				<string>1DD70E293174A16900000000</string>
				<string>1DD70E298BF4829300000000</string>
				<string>1DD70E29FF8B2DF500000000</string>
			</array>
		</dict>
		<key>B401C979B781F65D00000000</key>
		<dict>
			<key>isa</key>
			<string>PBXGroup</string>
			<key>name</key>
			<string>Configurations</string>
			<key>sourceTree</key>
			<string><![CDATA[<group>]]></string>
			<key>children</key>
			<array>
				<string>B401C9792F7F325000000000</string>
			</array>
		</dict>
		<key>1DD70E29AE317AA300000000</key>
		<dict>
			<key>isa</key>
			<string>PBXFileReference</string>
			<key>name</key>
			<string>Foundation.framework</string>
			<key>path</key>
			<string>System/Library/Frameworks/Foundation.framework</string>
			<key>sourceTree</key>
			<string>SDKROOT</string>
			<key>explicitFileType</key>
			<string>wrapper.framework</string>
		</dict>
		<key>1DD70E299F4CBDF900000000</key>
		<dict>
			<key>isa</key>
			<string>PBXFileReference</string>
			<key>name</key>
			<string>TestLibrary.framework</string>
			<key>path</key>
			<string>TestLibrary.framework</string>
			<key>sourceTree</key>
			<string>BUILT_PRODUCTS_DIR</string>
			<key>explicitFileType</key>
			<string>wrapper.framework</string>
		</dict>
		<key>1DD70E292F62B5B600000000</key>
		<dict>
			<key>isa</key>
			<string>PBXFileReference</string>
			<key>name</key>
			<string>TestLibraryDep.framework</string>
			<key>path</key>
			<string>TestLibraryDep.framework</string>
			<key>sourceTree</key>
			<string>BUILT_PRODUCTS_DIR</string>
			<key>explicitFileType</key>
			<string>wrapper.framework</string>
		</dict>
		<key>1DD70E299C42FAD100000000</key>
		<dict>
			<key>isa</key>
			<string>PBXFileReference</string>
			<key>name</key>
			<string>TestLibraryTransitiveDep.framework</string>
			<key>path</key>
			<string>TestLibraryTransitiveDep.framework</string>
			<key>sourceTree</key>
			<string>BUILT_PRODUCTS_DIR</string>
			<key>explicitFileType</key>
			<string>wrapper.framework</string>
		</dict>
		<key>1DD70E29543F222100000000</key>
		<dict>
			<key>isa</key>
			<string>PBXFileReference</string>
			<key>name</key>
			<string>TestLibraryTransitiveDep2.framework</string>
			<key>path</key>
			<string>TestLibraryTransitiveDep2.framework</string>
			<key>sourceTree</key>
			<string>BUILT_PRODUCTS_DIR</string>
			<key>explicitFileType</key>
			<string>wrapper.framework</string>
		</dict>
		<key>B401C97968022A5500000000</key>
		<dict>
			<key>isa</key>
			<string>PBXGroup</string>
			<key>name</key>
			<string>Frameworks</string>
			<key>sourceTree</key>
			<string><![CDATA[<group>]]></string>
			<key>children</key>
			<array>
				<string>1DD70E29AE317AA300000000</string>
				<string>1DD70E299F4CBDF900000000</string>
				<string>1DD70E292F62B5B600000000</string>
				<string>1DD70E299C42FAD100000000</string>
				<string>1DD70E29543F222100000000</string>
			</array>
		</dict>
		<key>1DD70E290E6F340F00000000</key>
		<dict>
			<key>isa</key>
			<string>PBXFileReference</string>
			<key>name</key>
			<string>TestApp</string>
			<key>path</key>
			<string>TestApp</string>
			<key>sourceTree</key>
			<string>BUILT_PRODUCTS_DIR</string>
		</dict>
		<key>1DD70E299F4CBDF900000001</key>
		<dict>
			<key>isa</key>
			<string>PBXFileReference</string>
			<key>name</key>
			<string>TestLibrary.framework</string>
			<key>path</key>
			<string>TestLibrary.framework</string>
			<key>sourceTree</key>
			<string>BUILT_PRODUCTS_DIR</string>
			<key>explicitFileType</key>
			<string>wrapper.framework</string>
		</dict>
		<key>1DD70E292F62B5B600000001</key>
		<dict>
			<key>isa</key>
			<string>PBXFileReference</string>
			<key>name</key>
			<string>TestLibraryDep.framework</string>
			<key>path</key>
			<string>TestLibraryDep.framework</string>
			<key>sourceTree</key>
			<string>BUILT_PRODUCTS_DIR</string>
			<key>explicitFileType</key>
			<string>wrapper.framework</string>
		</dict>
		<key>1DD70E299C42FAD100000001</key>
		<dict>
			<key>isa</key>
			<string>PBXFileReference</string>
			<key>name</key>
			<string>TestLibraryTransitiveDep.framework</string>
			<key>path</key>
			<string>TestLibraryTransitiveDep.framework</string>
			<key>sourceTree</key>
			<string>BUILT_PRODUCTS_DIR</string>
			<key>explicitFileType</key>
			<string>wrapper.framework</string>
		</dict>
		<key>1DD70E29543F222100000001</key>
		<dict>
			<key>isa</key>
			<string>PBXFileReference</string>
			<key>name</key>
			<string>TestLibraryTransitiveDep2.framework</string>
			<key>path</key>
			<string>TestLibraryTransitiveDep2.framework</string>
			<key>sourceTree</key>
			<string>BUILT_PRODUCTS_DIR</string>
			<key>explicitFileType</key>
			<string>wrapper.framework</string>
		</dict>
		<key>B401C979C806358400000000</key>
		<dict>
			<key>isa</key>
			<string>PBXGroup</string>
			<key>name</key>
			<string>Products</string>
			<key>sourceTree</key>
			<string><![CDATA[<group>]]></string>
			<key>children</key>
			<array>
				<string>1DD70E290E6F340F00000000</string>
				<string>1DD70E299F4CBDF900000001</string>
				<string>1DD70E292F62B5B600000001</string>
				<string>1DD70E299C42FAD100000001</string>
				<string>1DD70E29543F222100000001</string>
			</array>
		</dict>
		<key>1DD70E29001F47FB00000000</key>
		<dict>
			<key>isa</key>
			<string>PBXFileReference</string>
			<key>name</key>
			<string>BUCK</string>
			<key>path</key>
			<string>BUCK</string>
			<key>sourceTree</key>
			<string>SOURCE_ROOT</string>
			<key>explicitFileType</key>
			<string>text.script.python</string>
		</dict>
		<key>1DD70E29BF88817800000000</key>
		<dict>
			<key>isa</key>
			<string>PBXFileReference</string>
			<key>name</key>
			<string>main.m</string>
			<key>path</key>
			<string>TestApp/main.m</string>
			<key>sourceTree</key>
			<string>SOURCE_ROOT</string>
			<key>explicitFileType</key>
			<string>sourcecode.c.objc</string>
		</dict>
		<key>B401C979EAB5339800000000</key>
		<dict>
			<key>isa</key>
			<string>PBXGroup</string>
			<key>name</key>
			<string>Sources</string>
			<key>sourceTree</key>
			<string><![CDATA[<group>]]></string>
			<key>children</key>
			<array>
				<string>1DD70E29BF88817800000000</string>
			</array>
		</dict>
		<key>B401C9790E6F340F00000000</key>
		<dict>
			<key>isa</key>
			<string>PBXGroup</string>
			<key>name</key>
			<string>TestApp</string>
			<key>sourceTree</key>
			<string><![CDATA[<group>]]></string>
			<key>children</key>
			<array>
				<string>1DD70E29001F47FB00000000</string>
				<string>B401C979EAB5339800000000</string>
			</array>
		</dict>
		<key>1DD70E29001F47FB00000001</key>
		<dict>
			<key>isa</key>
			<string>PBXFileReference</string>
			<key>name</key>
			<string>BUCK</string>
			<key>path</key>
			<string>BUCK</string>
			<key>sourceTree</key>
			<string>SOURCE_ROOT</string>
			<key>explicitFileType</key>
			<string>text.script.python</string>
		</dict>
		<key>1DD70E2987FBF76300000000</key>
		<dict>
			<key>isa</key>
			<string>PBXFileReference</string>
			<key>name</key>
			<string>TestLibrary.h</string>
			<key>path</key>
			<string>buck-out/gen/_project/umbrella_headers/TestLibrary.h</string>
			<key>sourceTree</key>
			<string>SOURCE_ROOT</string>
			<key>explicitFileType</key>
			<string>sourcecode.c.h</string>
		</dict>
		<key>1DD70E297EE4446000000000</key>
		<dict>
			<key>isa</key>
			<string>PBXFileReference</string>
			<key>name</key>
			<string>TestClass.h</string>
			<key>path</key>
			<string>TestLibrary/TestClass.h</string>
			<key>sourceTree</key>
			<string>SOURCE_ROOT</string>
			<key>explicitFileType</key>
			<string>sourcecode.c.h</string>
		</dict>
		<key>1DD70E297EE4446500000000</key>
		<dict>
			<key>isa</key>
			<string>PBXFileReference</string>
			<key>name</key>
			<string>TestClass.m</string>
			<key>path</key>
			<string>TestLibrary/TestClass.m</string>
			<key>sourceTree</key>
			<string>SOURCE_ROOT</string>
			<key>explicitFileType</key>
			<string>sourcecode.c.objc</string>
		</dict>
		<key>1DD70E2906C06BEE00000000</key>
		<dict>
			<key>isa</key>
			<string>PBXFileReference</string>
			<key>name</key>
			<string>Info.plist</string>
			<key>path</key>
			<string>TestLibrary/Info.plist</string>
			<key>sourceTree</key>
			<string><![CDATA[<group>]]></string>
			<key>explicitFileType</key>
			<string>text.plist</string>
		</dict>
		<key>B401C979EAB5339800000001</key>
		<dict>
			<key>isa</key>
			<string>PBXGroup</string>
			<key>name</key>
			<string>Sources</string>
			<key>sourceTree</key>
			<string><![CDATA[<group>]]></string>
			<key>children</key>
			<array>
				<string>1DD70E2987FBF76300000000</string>
				<string>1DD70E297EE4446000000000</string>
				<string>1DD70E297EE4446500000000</string>
				<string>1DD70E2906C06BEE00000000</string>
			</array>
		</dict>
		<key>B401C97955EB37A900000000</key>
		<dict>
			<key>isa</key>
			<string>PBXGroup</string>
			<key>name</key>
			<string>TestLibrary</string>
			<key>sourceTree</key>
			<string><![CDATA[<group>]]></string>
			<key>children</key>
			<array>
				<string>1DD70E29001F47FB00000001</string>
				<string>B401C979EAB5339800000001</string>
			</array>
		</dict>
		<key>1DD70E29001F47FB00000002</key>
		<dict>
			<key>isa</key>
			<string>PBXFileReference</string>
			<key>name</key>
			<string>BUCK</string>
			<key>path</key>
			<string>BUCK</string>
			<key>sourceTree</key>
			<string>SOURCE_ROOT</string>
			<key>explicitFileType</key>
			<string>text.script.python</string>
		</dict>
		<key>1DD70E29E8AD8BE400000000</key>
		<dict>
			<key>isa</key>
			<string>PBXFileReference</string>
			<key>name</key>
			<string>res-dep.txt</string>
			<key>path</key>
			<string>TestLibraryDep/res-dep.txt</string>
			<key>sourceTree</key>
			<string>SOURCE_ROOT</string>
			<key>explicitFileType</key>
			<string>text</string>
		</dict>
		<key>B401C979013EDE0500000000</key>
		<dict>
			<key>isa</key>
			<string>PBXGroup</string>
			<key>name</key>
			<string>Resources</string>
			<key>sourceTree</key>
			<string><![CDATA[<group>]]></string>
			<key>children</key>
			<array>
				<string>1DD70E29E8AD8BE400000000</string>
			</array>
		</dict>
		<key>1DD70E29A3CFFC2000000000</key>
		<dict>
			<key>isa</key>
			<string>PBXFileReference</string>
			<key>name</key>
			<string>TestLibraryDep.h</string>
			<key>path</key>
			<string>buck-out/gen/_project/umbrella_headers/TestLibraryDep.h</string>
			<key>sourceTree</key>
			<string>SOURCE_ROOT</string>
			<key>explicitFileType</key>
			<string>sourcecode.c.h</string>
		</dict>
		<key>1DD70E2986E7320300000000</key>
		<dict>
			<key>isa</key>
			<string>PBXFileReference</string>
			<key>name</key>
			<string>TestClassDep.h</string>
			<key>path</key>
			<string>TestLibraryDep/TestClassDep.h</string>
			<key>sourceTree</key>
			<string>SOURCE_ROOT</string>
			<key>explicitFileType</key>
			<string>sourcecode.c.h</string>
		</dict>
		<key>1DD70E2986E7320800000000</key>
		<dict>
			<key>isa</key>
			<string>PBXFileReference</string>
			<key>name</key>
			<string>TestClassDep.m</string>
			<key>path</key>
			<string>TestLibraryDep/TestClassDep.m</string>
			<key>sourceTree</key>
			<string>SOURCE_ROOT</string>
			<key>explicitFileType</key>
			<string>sourcecode.c.objc</string>
		</dict>
		<key>1DD70E2906C06BEE00000001</key>
		<dict>
			<key>isa</key>
			<string>PBXFileReference</string>
			<key>name</key>
			<string>Info.plist</string>
			<key>path</key>
			<string>TestLibraryDep/Info.plist</string>
			<key>sourceTree</key>
			<string><![CDATA[<group>]]></string>
			<key>explicitFileType</key>
			<string>text.plist</string>
		</dict>
		<key>B401C979EAB5339800000002</key>
		<dict>
			<key>isa</key>
			<string>PBXGroup</string>
			<key>name</key>
			<string>Sources</string>
			<key>sourceTree</key>
			<string><![CDATA[<group>]]></string>
			<key>children</key>
			<array>
				<string>1DD70E29A3CFFC2000000000</string>
				<string>1DD70E2986E7320300000000</string>
				<string>1DD70E2986E7320800000000</string>
				<string>1DD70E2906C06BEE00000001</string>
			</array>
		</dict>
		<key>B401C979778347A600000000</key>
		<dict>
			<key>isa</key>
			<string>PBXGroup</string>
			<key>name</key>
			<string>TestLibraryDep</string>
			<key>sourceTree</key>
			<string><![CDATA[<group>]]></string>
			<key>children</key>
			<array>
				<string>1DD70E29001F47FB00000002</string>
				<string>B401C979013EDE0500000000</string>
				<string>B401C979EAB5339800000002</string>
			</array>
		</dict>
		<key>1DD70E29001F47FB00000003</key>
		<dict>
			<key>isa</key>
			<string>PBXFileReference</string>
			<key>name</key>
			<string>BUCK</string>
			<key>path</key>
			<string>BUCK</string>
			<key>sourceTree</key>
			<string>SOURCE_ROOT</string>
			<key>explicitFileType</key>
			<string>text.script.python</string>
		</dict>
		<key>1DD70E29B77C5EB600000000</key>
		<dict>
			<key>isa</key>
			<string>PBXFileReference</string>
			<key>name</key>
			<string>res-transitive-dep.txt</string>
			<key>path</key>
			<string>TestLibraryTransitiveDep/res-transitive-dep.txt</string>
			<key>sourceTree</key>
			<string>SOURCE_ROOT</string>
			<key>explicitFileType</key>
			<string>text</string>
		</dict>
		<key>B401C979013EDE0500000001</key>
		<dict>
			<key>isa</key>
			<string>PBXGroup</string>
			<key>name</key>
			<string>Resources</string>
			<key>sourceTree</key>
			<string><![CDATA[<group>]]></string>
			<key>children</key>
			<array>
				<string>1DD70E29B77C5EB600000000</string>
			</array>
		</dict>
		<key>1DD70E29A7088C3B00000000</key>
		<dict>
			<key>isa</key>
			<string>PBXFileReference</string>
			<key>name</key>
			<string>TestLibraryTransitiveDep.h</string>
			<key>path</key>
			<string>buck-out/gen/_project/umbrella_headers/TestLibraryTransitiveDep.h</string>
			<key>sourceTree</key>
			<string>SOURCE_ROOT</string>
			<key>explicitFileType</key>
			<string>sourcecode.c.h</string>
		</dict>
		<key>1DD70E29392C025E00000000</key>
		<dict>
			<key>isa</key>
			<string>PBXFileReference</string>
			<key>name</key>
			<string>TestClassTransitiveDep.h</string>
			<key>path</key>
			<string>TestLibraryTransitiveDep/TestClassTransitiveDep.h</string>
			<key>sourceTree</key>
			<string>SOURCE_ROOT</string>
			<key>explicitFileType</key>
			<string>sourcecode.c.h</string>
		</dict>
		<key>1DD70E29392C026300000000</key>
		<dict>
			<key>isa</key>
			<string>PBXFileReference</string>
			<key>name</key>
			<string>TestClassTransitiveDep.m</string>
			<key>path</key>
			<string>TestLibraryTransitiveDep/TestClassTransitiveDep.m</string>
			<key>sourceTree</key>
			<string>SOURCE_ROOT</string>
			<key>explicitFileType</key>
			<string>sourcecode.c.objc</string>
		</dict>
		<key>1DD70E2906C06BEE00000002</key>
		<dict>
			<key>isa</key>
			<string>PBXFileReference</string>
			<key>name</key>
			<string>Info.plist</string>
			<key>path</key>
			<string>TestLibraryTransitiveDep/Info.plist</string>
			<key>sourceTree</key>
			<string><![CDATA[<group>]]></string>
			<key>explicitFileType</key>
			<string>text.plist</string>
		</dict>
		<key>B401C979EAB5339800000003</key>
		<dict>
			<key>isa</key>
			<string>PBXGroup</string>
			<key>name</key>
			<string>Sources</string>
			<key>sourceTree</key>
			<string><![CDATA[<group>]]></string>
			<key>children</key>
			<array>
				<string>1DD70E29A7088C3B00000000</string>
				<string>1DD70E29392C025E00000000</string>
				<string>1DD70E29392C026300000000</string>
				<string>1DD70E2906C06BEE00000002</string>
			</array>
		</dict>
		<key>B401C9799C47228100000000</key>
		<dict>
			<key>isa</key>
			<string>PBXGroup</string>
			<key>name</key>
			<string>TestLibraryTransitiveDep</string>
			<key>sourceTree</key>
			<string><![CDATA[<group>]]></string>
			<key>children</key>
			<array>
				<string>1DD70E29001F47FB00000003</string>
				<string>B401C979013EDE0500000001</string>
				<string>B401C979EAB5339800000003</string>
			</array>
		</dict>
		<key>1DD70E29001F47FB00000004</key>
		<dict>
			<key>isa</key>
			<string>PBXFileReference</string>
			<key>name</key>
			<string>BUCK</string>
			<key>path</key>
			<string>BUCK</string>
			<key>sourceTree</key>
			<string>SOURCE_ROOT</string>
			<key>explicitFileType</key>
			<string>text.script.python</string>
		</dict>
		<key>1DD70E293827F60000000000</key>
		<dict>
			<key>isa</key>
			<string>PBXFileReference</string>
			<key>name</key>
			<string>res-transitive-dep2.txt</string>
			<key>path</key>
			<string>TestLibraryTransitiveDep2/res-transitive-dep2.txt</string>
			<key>sourceTree</key>
			<string>SOURCE_ROOT</string>
			<key>explicitFileType</key>
			<string>text</string>
		</dict>
		<key>B401C979013EDE0500000002</key>
		<dict>
			<key>isa</key>
			<string>PBXGroup</string>
			<key>name</key>
			<string>Resources</string>
			<key>sourceTree</key>
			<string><![CDATA[<group>]]></string>
			<key>children</key>
			<array>
				<string>1DD70E293827F60000000000</string>
			</array>
		</dict>
		<key>1DD70E293A09038B00000000</key>
		<dict>
			<key>isa</key>
			<string>PBXFileReference</string>
			<key>name</key>
			<string>TestLibraryTransitiveDep2.h</string>
			<key>path</key>
			<string>buck-out/gen/_project/umbrella_headers/TestLibraryTransitiveDep2.h</string>
			<key>sourceTree</key>
			<string>SOURCE_ROOT</string>
			<key>explicitFileType</key>
			<string>sourcecode.c.h</string>
		</dict>
		<key>1DD70E29EC5451C800000000</key>
		<dict>
			<key>isa</key>
			<string>PBXFileReference</string>
			<key>name</key>
			<string>TestClassTransitiveDep2.h</string>
			<key>path</key>
			<string>TestLibraryTransitiveDep2/TestClassTransitiveDep2.h</string>
			<key>sourceTree</key>
			<string>SOURCE_ROOT</string>
			<key>explicitFileType</key>
			<string>sourcecode.c.h</string>
		</dict>
		<key>1DD70E29EC5451CD00000000</key>
		<dict>
			<key>isa</key>
			<string>PBXFileReference</string>
			<key>name</key>
			<string>TestClassTransitiveDep2.m</string>
			<key>path</key>
			<string>TestLibraryTransitiveDep2/TestClassTransitiveDep2.m</string>
			<key>sourceTree</key>
			<string>SOURCE_ROOT</string>
			<key>explicitFileType</key>
			<string>sourcecode.c.objc</string>
		</dict>
		<key>1DD70E2906C06BEE00000003</key>
		<dict>
			<key>isa</key>
			<string>PBXFileReference</string>
			<key>name</key>
			<string>Info.plist</string>
			<key>path</key>
			<string>TestLibraryTransitiveDep2/Info.plist</string>
			<key>sourceTree</key>
			<string><![CDATA[<group>]]></string>
			<key>explicitFileType</key>
			<string>text.plist</string>
		</dict>
		<key>B401C979EAB5339800000004</key>
		<dict>
			<key>isa</key>
			<string>PBXGroup</string>
			<key>name</key>
			<string>Sources</string>
			<key>sourceTree</key>
			<string><![CDATA[<group>]]></string>
			<key>children</key>
			<array>
				<string>1DD70E293A09038B00000000</string>
				<string>1DD70E29EC5451C800000000</string>
				<string>1DD70E29EC5451CD00000000</string>
				<string>1DD70E2906C06BEE00000003</string>
			</array>
		</dict>
		<key>B401C979EC9D2DD100000000</key>
		<dict>
			<key>isa</key>
			<string>PBXGroup</string>
			<key>name</key>
			<string>TestLibraryTransitiveDep2</string>
			<key>sourceTree</key>
			<string><![CDATA[<group>]]></string>
			<key>children</key>
			<array>
				<string>1DD70E29001F47FB00000004</string>
				<string>B401C979013EDE0500000002</string>
				<string>B401C979EAB5339800000004</string>
			</array>
		</dict>
		<key>B401C979EFB6AC4600000000</key>
		<dict>
			<key>isa</key>
			<string>PBXGroup</string>
			<key>name</key>
			<string>mainGroup</string>
			<key>sourceTree</key>
			<string><![CDATA[<group>]]></string>
			<key>children</key>
			<array>
				<string>B401C979B781F65D00000000</string>
				<string>B401C97968022A5500000000</string>
				<string>B401C979C806358400000000</string>
				<string>B401C9790E6F340F00000000</string>
				<string>B401C97955EB37A900000000</string>
				<string>B401C979778347A600000000</string>
				<string>B401C9799C47228100000000</string>
				<string>B401C979EC9D2DD100000000</string>
			</array>
		</dict>
		<key>E7A30F04BF88817800000000</key>
		<dict>
			<key>isa</key>
			<string>PBXBuildFile</string>
			<key>fileRef</key>
			<string>1DD70E29BF88817800000000</string>
		</dict>
		<key>1870857F0000000000000000</key>
		<dict>
			<key>isa</key>
			<string>PBXSourcesBuildPhase</string>
			<key>files</key>
			<array>
				<string>E7A30F04BF88817800000000</string>
			</array>
		</dict>
		<key>E7A30F04AE317AA300000000</key>
		<dict>
			<key>isa</key>
			<string>PBXBuildFile</string>
			<key>fileRef</key>
			<string>1DD70E29AE317AA300000000</string>
		</dict>
		<key>E7A30F04543F222100000000</key>
		<dict>
			<key>isa</key>
			<string>PBXBuildFile</string>
			<key>fileRef</key>
			<string>1DD70E29543F222100000000</string>
		</dict>
		<key>E7A30F049C42FAD100000000</key>
		<dict>
			<key>isa</key>
			<string>PBXBuildFile</string>
			<key>fileRef</key>
			<string>1DD70E299C42FAD100000000</string>
		</dict>
		<key>E7A30F042F62B5B600000000</key>
		<dict>
			<key>isa</key>
			<string>PBXBuildFile</string>
			<key>fileRef</key>
			<string>1DD70E292F62B5B600000000</string>
		</dict>
		<key>E7A30F049F4CBDF900000000</key>
		<dict>
			<key>isa</key>
			<string>PBXBuildFile</string>
			<key>fileRef</key>
			<string>1DD70E299F4CBDF900000000</string>
		</dict>
		<key>4F426D880000000000000000</key>
		<dict>
			<key>isa</key>
			<string>PBXFrameworksBuildPhase</string>
			<key>files</key>
			<array>
				<string>E7A30F04AE317AA300000000</string>
				<string>E7A30F04543F222100000000</string>
				<string>E7A30F049C42FAD100000000</string>
				<string>E7A30F042F62B5B600000000</string>
				<string>E7A30F049F4CBDF900000000</string>
			</array>
		</dict>
		<key>4952437303EDA63300000000</key>
		<dict>
			<key>isa</key>
			<string>XCBuildConfiguration</string>
			<key>name</key>
			<string>Debug</string>
			<key>buildSettings</key>
			<dict>
			</dict>
			<key>baseConfigurationReference</key>
			<string>1DD70E29E4B004C600000000</string>
		</dict>
		<key>4952437350C7218900000000</key>
		<dict>
			<key>isa</key>
			<string>XCBuildConfiguration</string>
			<key>name</key>
			<string>Profile</string>
			<key>buildSettings</key>
			<dict>
			</dict>
			<key>baseConfigurationReference</key>
			<string>1DD70E295DE482B000000000</string>
		</dict>
		<key>49524373A439BFE700000000</key>
		<dict>
			<key>isa</key>
			<string>XCBuildConfiguration</string>
			<key>name</key>
			<string>Release</string>
			<key>buildSettings</key>
			<dict>
			</dict>
			<key>baseConfigurationReference</key>
			<string>1DD70E29D17B2E1200000000</string>
		</dict>
		<key>218C37090000000000000000</key>
		<dict>
			<key>isa</key>
			<string>XCConfigurationList</string>
			<key>buildConfigurations</key>
			<array>
				<string>4952437303EDA63300000000</string>
				<string>4952437350C7218900000000</string>
				<string>49524373A439BFE700000000</string>
			</array>
			<key>defaultConfigurationIsVisible</key>
			<false/>
		</dict>
		<key>E66DC04E0E6F340F00000000</key>
		<dict>
			<key>isa</key>
			<string>PBXNativeTarget</string>
			<key>name</key>
			<string>TestApp</string>
			<key>productName</key>
			<string>TestApp</string>
			<key>productReference</key>
			<string>1DD70E290E6F340F00000000</string>
			<key>productType</key>
			<string>com.apple.product-type.tool</string>
			<key>dependencies</key>
			<array>
			</array>
			<key>buildPhases</key>
			<array>
				<string>1870857F0000000000000000</string>
				<string>4F426D880000000000000000</string>
			</array>
			<key>buildConfigurationList</key>
			<string>218C37090000000000000000</string>
		</dict>
		<key>E7A30F0487FBF76300000000</key>
		<dict>
			<key>isa</key>
			<string>PBXBuildFile</string>
			<key>fileRef</key>
			<string>1DD70E2987FBF76300000000</string>
			<key>settings</key>
			<dict>
				<key>ATTRIBUTES</key>
				<array>
					<string>Public</string>
				</array>
			</dict>
		</dict>
		<key>E7A30F047EE4446000000000</key>
		<dict>
			<key>isa</key>
			<string>PBXBuildFile</string>
			<key>fileRef</key>
			<string>1DD70E297EE4446000000000</string>
			<key>settings</key>
			<dict>
				<key>ATTRIBUTES</key>
				<array>
					<string>Public</string>
				</array>
			</dict>
		</dict>
		<key>B3376FCD0000000000000000</key>
		<dict>
			<key>isa</key>
			<string>PBXHeadersBuildPhase</string>
			<key>files</key>
			<array>
				<string>E7A30F0487FBF76300000000</string>
				<string>E7A30F047EE4446000000000</string>
			</array>
		</dict>
		<key>E7A30F047EE4446500000000</key>
		<dict>
			<key>isa</key>
			<string>PBXBuildFile</string>
			<key>fileRef</key>
			<string>1DD70E297EE4446500000000</string>
		</dict>
		<key>1870857F0000000000000001</key>
		<dict>
			<key>isa</key>
			<string>PBXSourcesBuildPhase</string>
			<key>files</key>
			<array>
				<string>E7A30F047EE4446500000000</string>
			</array>
		</dict>
		<key>E7A30F04AE317AA300000001</key>
		<dict>
			<key>isa</key>
			<string>PBXBuildFile</string>
			<key>fileRef</key>
			<string>1DD70E29AE317AA300000000</string>
		</dict>
		<key>E7A30F04543F222100000001</key>
		<dict>
			<key>isa</key>
			<string>PBXBuildFile</string>
			<key>fileRef</key>
			<string>1DD70E29543F222100000000</string>
		</dict>
		<key>E7A30F049C42FAD100000001</key>
		<dict>
			<key>isa</key>
			<string>PBXBuildFile</string>
			<key>fileRef</key>
			<string>1DD70E299C42FAD100000000</string>
		</dict>
		<key>E7A30F042F62B5B600000001</key>
		<dict>
			<key>isa</key>
			<string>PBXBuildFile</string>
			<key>fileRef</key>
			<string>1DD70E292F62B5B600000000</string>
		</dict>
		<key>4F426D880000000000000001</key>
		<dict>
			<key>isa</key>
			<string>PBXFrameworksBuildPhase</string>
			<key>files</key>
			<array>
				<string>E7A30F04AE317AA300000001</string>
				<string>E7A30F04543F222100000001</string>
				<string>E7A30F049C42FAD100000001</string>
				<string>E7A30F042F62B5B600000001</string>
			</array>
		</dict>
		<key>4952437303EDA63300000001</key>
		<dict>
			<key>isa</key>
			<string>XCBuildConfiguration</string>
			<key>name</key>
			<string>Debug</string>
			<key>buildSettings</key>
			<dict>
			</dict>
			<key>baseConfigurationReference</key>
			<string>1DD70E296F30DA9100000000</string>
		</dict>
		<key>4952437350C7218900000001</key>
		<dict>
			<key>isa</key>
			<string>XCBuildConfiguration</string>
			<key>name</key>
			<string>Profile</string>
			<key>buildSettings</key>
			<dict>
			</dict>
			<key>baseConfigurationReference</key>
			<string>1DD70E294B8711BB00000000</string>
		</dict>
		<key>49524373A439BFE700000001</key>
		<dict>
			<key>isa</key>
			<string>XCBuildConfiguration</string>
			<key>name</key>
			<string>Release</string>
			<key>buildSettings</key>
			<dict>
			</dict>
			<key>baseConfigurationReference</key>
			<string>1DD70E29BF1DBD1D00000000</string>
		</dict>
		<key>218C37090000000000000001</key>
		<dict>
			<key>isa</key>
			<string>XCConfigurationList</string>
			<key>buildConfigurations</key>
			<array>
				<string>4952437303EDA63300000001</string>
				<string>4952437350C7218900000001</string>
				<string>49524373A439BFE700000001</string>
			</array>
			<key>defaultConfigurationIsVisible</key>
			<false/>
		</dict>
		<key>E66DC04E55EB37A900000000</key>
		<dict>
			<key>isa</key>
			<string>PBXNativeTarget</string>
			<key>name</key>
			<string>TestLibrary</string>
			<key>productName</key>
			<string>TestLibrary</string>
			<key>productReference</key>
			<string>1DD70E299F4CBDF900000001</string>
			<key>productType</key>
			<string>com.apple.product-type.framework</string>
			<key>dependencies</key>
			<array>
			</array>
			<key>buildPhases</key>
			<array>
				<string>B3376FCD0000000000000000</string>
				<string>1870857F0000000000000001</string>
				<string>4F426D880000000000000001</string>
			</array>
			<key>buildConfigurationList</key>
			<string>218C37090000000000000001</string>
		</dict>
		<key>E7A30F04A3CFFC2000000000</key>
		<dict>
			<key>isa</key>
			<string>PBXBuildFile</string>
			<key>fileRef</key>
			<string>1DD70E29A3CFFC2000000000</string>
			<key>settings</key>
			<dict>
				<key>ATTRIBUTES</key>
				<array>
					<string>Public</string>
				</array>
			</dict>
		</dict>
		<key>E7A30F0486E7320300000000</key>
		<dict>
			<key>isa</key>
			<string>PBXBuildFile</string>
			<key>fileRef</key>
			<string>1DD70E2986E7320300000000</string>
			<key>settings</key>
			<dict>
				<key>ATTRIBUTES</key>
				<array>
					<string>Public</string>
				</array>
			</dict>
		</dict>
		<key>B3376FCD0000000000000001</key>
		<dict>
			<key>isa</key>
			<string>PBXHeadersBuildPhase</string>
			<key>files</key>
			<array>
				<string>E7A30F04A3CFFC2000000000</string>
				<string>E7A30F0486E7320300000000</string>
			</array>
		</dict>
		<key>E7A30F0486E7320800000000</key>
		<dict>
			<key>isa</key>
			<string>PBXBuildFile</string>
			<key>fileRef</key>
			<string>1DD70E2986E7320800000000</string>
		</dict>
		<key>1870857F0000000000000002</key>
		<dict>
			<key>isa</key>
			<string>PBXSourcesBuildPhase</string>
			<key>files</key>
			<array>
				<string>E7A30F0486E7320800000000</string>
			</array>
		</dict>
		<key>E7A30F04AE317AA300000002</key>
		<dict>
			<key>isa</key>
			<string>PBXBuildFile</string>
			<key>fileRef</key>
			<string>1DD70E29AE317AA300000000</string>
		</dict>
		<key>E7A30F04543F222100000002</key>
		<dict>
			<key>isa</key>
			<string>PBXBuildFile</string>
			<key>fileRef</key>
			<string>1DD70E29543F222100000000</string>
		</dict>
		<key>E7A30F049C42FAD100000002</key>
		<dict>
			<key>isa</key>
			<string>PBXBuildFile</string>
			<key>fileRef</key>
			<string>1DD70E299C42FAD100000000</string>
		</dict>
		<key>4F426D880000000000000002</key>
		<dict>
			<key>isa</key>
			<string>PBXFrameworksBuildPhase</string>
			<key>files</key>
			<array>
				<string>E7A30F04AE317AA300000002</string>
				<string>E7A30F04543F222100000002</string>
				<string>E7A30F049C42FAD100000002</string>
			</array>
		</dict>
		<key>E7A30F04E8AD8BE400000000</key>
		<dict>
			<key>isa</key>
			<string>PBXBuildFile</string>
			<key>fileRef</key>
			<string>1DD70E29E8AD8BE400000000</string>
		</dict>
		<key>8A032D2C0000000000000000</key>
		<dict>
			<key>isa</key>
			<string>PBXResourcesBuildPhase</string>
			<key>files</key>
			<array>
				<string>E7A30F04E8AD8BE400000000</string>
			</array>
		</dict>
		<key>4952437303EDA63300000002</key>
		<dict>
			<key>isa</key>
			<string>XCBuildConfiguration</string>
			<key>name</key>
			<string>Debug</string>
			<key>buildSettings</key>
			<dict>
			</dict>
			<key>baseConfigurationReference</key>
			<string>1DD70E29919D704F00000000</string>
		</dict>
		<key>4952437350C7218900000002</key>
		<dict>
			<key>isa</key>
			<string>XCBuildConfiguration</string>
			<key>name</key>
			<string>Profile</string>
			<key>buildSettings</key>
			<dict>
			</dict>
			<key>baseConfigurationReference</key>
			<string>1DD70E2985252FF900000000</string>
		</dict>
		<key>49524373A439BFE700000002</key>
		<dict>
			<key>isa</key>
			<string>XCBuildConfiguration</string>
			<key>name</key>
			<string>Release</string>
			<key>buildSettings</key>
			<dict>
			</dict>
			<key>baseConfigurationReference</key>
			<string>1DD70E29F8BBDB5B00000000</string>
		</dict>
		<key>218C37090000000000000002</key>
		<dict>
			<key>isa</key>
			<string>XCConfigurationList</string>
			<key>buildConfigurations</key>
			<array>
				<string>4952437303EDA63300000002</string>
				<string>4952437350C7218900000002</string>
				<string>49524373A439BFE700000002</string>
			</array>
			<key>defaultConfigurationIsVisible</key>
			<false/>
		</dict>
		<key>E66DC04E778347A600000000</key>
		<dict>
			<key>isa</key>
			<string>PBXNativeTarget</string>
			<key>name</key>
			<string>TestLibraryDep</string>
			<key>productName</key>
			<string>TestLibraryDep</string>
			<key>productReference</key>
			<string>1DD70E292F62B5B600000001</string>
			<key>productType</key>
			<string>com.apple.product-type.framework</string>
			<key>dependencies</key>
			<array>
			</array>
			<key>buildPhases</key>
			<array>
				<string>B3376FCD0000000000000001</string>
				<string>1870857F0000000000000002</string>
				<string>4F426D880000000000000002</string>
				<string>8A032D2C0000000000000000</string>
			</array>
			<key>buildConfigurationList</key>
			<string>218C37090000000000000002</string>
		</dict>
		<key>E7A30F04A7088C3B00000000</key>
		<dict>
			<key>isa</key>
			<string>PBXBuildFile</string>
			<key>fileRef</key>
			<string>1DD70E29A7088C3B00000000</string>
			<key>settings</key>
			<dict>
				<key>ATTRIBUTES</key>
				<array>
					<string>Public</string>
				</array>
			</dict>
		</dict>
		<key>E7A30F04392C025E00000000</key>
		<dict>
			<key>isa</key>
			<string>PBXBuildFile</string>
			<key>fileRef</key>
			<string>1DD70E29392C025E00000000</string>
			<key>settings</key>
			<dict>
				<key>ATTRIBUTES</key>
				<array>
					<string>Public</string>
				</array>
			</dict>
		</dict>
		<key>B3376FCD0000000000000002</key>
		<dict>
			<key>isa</key>
			<string>PBXHeadersBuildPhase</string>
			<key>files</key>
			<array>
				<string>E7A30F04A7088C3B00000000</string>
				<string>E7A30F04392C025E00000000</string>
			</array>
		</dict>
		<key>E7A30F04392C026300000000</key>
		<dict>
			<key>isa</key>
			<string>PBXBuildFile</string>
			<key>fileRef</key>
			<string>1DD70E29392C026300000000</string>
		</dict>
		<key>1870857F0000000000000003</key>
		<dict>
			<key>isa</key>
			<string>PBXSourcesBuildPhase</string>
			<key>files</key>
			<array>
				<string>E7A30F04392C026300000000</string>
			</array>
		</dict>
		<key>E7A30F04543F222100000003</key>
		<dict>
			<key>isa</key>
			<string>PBXBuildFile</string>
			<key>fileRef</key>
			<string>1DD70E29543F222100000000</string>
		</dict>
		<key>4F426D880000000000000003</key>
		<dict>
			<key>isa</key>
			<string>PBXFrameworksBuildPhase</string>
			<key>files</key>
			<array>
				<string>E7A30F04543F222100000003</string>
			</array>
		</dict>
		<key>E7A30F04B77C5EB600000000</key>
		<dict>
			<key>isa</key>
			<string>PBXBuildFile</string>
			<key>fileRef</key>
			<string>1DD70E29B77C5EB600000000</string>
		</dict>
		<key>8A032D2C0000000000000001</key>
		<dict>
			<key>isa</key>
			<string>PBXResourcesBuildPhase</string>
			<key>files</key>
			<array>
				<string>E7A30F04B77C5EB600000000</string>
			</array>
		</dict>
		<key>4952437303EDA63300000003</key>
		<dict>
			<key>isa</key>
			<string>XCBuildConfiguration</string>
			<key>name</key>
			<string>Debug</string>
			<key>buildSettings</key>
			<dict>
			</dict>
			<key>baseConfigurationReference</key>
			<string>1DD70E291D33241400000000</string>
		</dict>
		<key>4952437350C7218900000003</key>
		<dict>
			<key>isa</key>
			<string>XCBuildConfiguration</string>
			<key>name</key>
			<string>Profile</string>
			<key>buildSettings</key>
			<dict>
			</dict>
			<key>baseConfigurationReference</key>
			<string>1DD70E29821D067E00000000</string>
		</dict>
		<key>49524373A439BFE700000003</key>
		<dict>
			<key>isa</key>
			<string>XCBuildConfiguration</string>
			<key>name</key>
			<string>Release</string>
			<key>buildSettings</key>
			<dict>
			</dict>
			<key>baseConfigurationReference</key>
			<string>1DD70E29F5B3B1E000000000</string>
		</dict>
		<key>218C37090000000000000003</key>
		<dict>
			<key>isa</key>
			<string>XCConfigurationList</string>
			<key>buildConfigurations</key>
			<array>
				<string>4952437303EDA63300000003</string>
				<string>4952437350C7218900000003</string>
				<string>49524373A439BFE700000003</string>
			</array>
			<key>defaultConfigurationIsVisible</key>
			<false/>
		</dict>
		<key>E66DC04E9C47228100000000</key>
		<dict>
			<key>isa</key>
			<string>PBXNativeTarget</string>
			<key>name</key>
			<string>TestLibraryTransitiveDep</string>
			<key>productName</key>
			<string>TestLibraryTransitiveDep</string>
			<key>productReference</key>
			<string>1DD70E299C42FAD100000001</string>
			<key>productType</key>
			<string>com.apple.product-type.framework</string>
			<key>dependencies</key>
			<array>
			</array>
			<key>buildPhases</key>
			<array>
				<string>B3376FCD0000000000000002</string>
				<string>1870857F0000000000000003</string>
				<string>4F426D880000000000000003</string>
				<string>8A032D2C0000000000000001</string>
			</array>
			<key>buildConfigurationList</key>
			<string>218C37090000000000000003</string>
		</dict>
		<key>E7A30F043A09038B00000000</key>
		<dict>
			<key>isa</key>
			<string>PBXBuildFile</string>
			<key>fileRef</key>
			<string>1DD70E293A09038B00000000</string>
			<key>settings</key>
			<dict>
				<key>ATTRIBUTES</key>
				<array>
					<string>Public</string>
				</array>
			</dict>
		</dict>
		<key>E7A30F04EC5451C800000000</key>
		<dict>
			<key>isa</key>
			<string>PBXBuildFile</string>
			<key>fileRef</key>
			<string>1DD70E29EC5451C800000000</string>
			<key>settings</key>
			<dict>
				<key>ATTRIBUTES</key>
				<array>
					<string>Public</string>
				</array>
			</dict>
		</dict>
		<key>B3376FCD0000000000000003</key>
		<dict>
			<key>isa</key>
			<string>PBXHeadersBuildPhase</string>
			<key>files</key>
			<array>
				<string>E7A30F043A09038B00000000</string>
				<string>E7A30F04EC5451C800000000</string>
			</array>
		</dict>
		<key>E7A30F04EC5451CD00000000</key>
		<dict>
			<key>isa</key>
			<string>PBXBuildFile</string>
			<key>fileRef</key>
			<string>1DD70E29EC5451CD00000000</string>
		</dict>
		<key>1870857F0000000000000004</key>
		<dict>
			<key>isa</key>
			<string>PBXSourcesBuildPhase</string>
			<key>files</key>
			<array>
				<string>E7A30F04EC5451CD00000000</string>
			</array>
		</dict>
		<key>E7A30F043827F60000000000</key>
		<dict>
			<key>isa</key>
			<string>PBXBuildFile</string>
			<key>fileRef</key>
			<string>1DD70E293827F60000000000</string>
		</dict>
		<key>8A032D2C0000000000000002</key>
		<dict>
			<key>isa</key>
			<string>PBXResourcesBuildPhase</string>
			<key>files</key>
			<array>
				<string>E7A30F043827F60000000000</string>
			</array>
		</dict>
		<key>4952437303EDA63300000004</key>
		<dict>
			<key>isa</key>
			<string>XCBuildConfiguration</string>
			<key>name</key>
			<string>Debug</string>
			<key>buildSettings</key>
			<dict>
			</dict>
			<key>baseConfigurationReference</key>
			<string>1DD70E293174A16900000000</string>
		</dict>
		<key>4952437350C7218900000004</key>
		<dict>
			<key>isa</key>
			<string>XCBuildConfiguration</string>
			<key>name</key>
			<string>Profile</string>
			<key>buildSettings</key>
			<dict>
			</dict>
			<key>baseConfigurationReference</key>
			<string>1DD70E298BF4829300000000</string>
		</dict>
		<key>49524373A439BFE700000004</key>
		<dict>
			<key>isa</key>
			<string>XCBuildConfiguration</string>
			<key>name</key>
			<string>Release</string>
			<key>buildSettings</key>
			<dict>
			</dict>
			<key>baseConfigurationReference</key>
			<string>1DD70E29FF8B2DF500000000</string>
		</dict>
		<key>218C37090000000000000004</key>
		<dict>
			<key>isa</key>
			<string>XCConfigurationList</string>
			<key>buildConfigurations</key>
			<array>
				<string>4952437303EDA63300000004</string>
				<string>4952437350C7218900000004</string>
				<string>49524373A439BFE700000004</string>
			</array>
			<key>defaultConfigurationIsVisible</key>
			<false/>
		</dict>
		<key>E66DC04EEC9D2DD100000000</key>
		<dict>
			<key>isa</key>
			<string>PBXNativeTarget</string>
			<key>name</key>
			<string>TestLibraryTransitiveDep2</string>
			<key>productName</key>
			<string>TestLibraryTransitiveDep2</string>
			<key>productReference</key>
			<string>1DD70E29543F222100000001</string>
			<key>productType</key>
			<string>com.apple.product-type.framework</string>
			<key>dependencies</key>
			<array>
			</array>
			<key>buildPhases</key>
			<array>
				<string>B3376FCD0000000000000003</string>
				<string>1870857F0000000000000004</string>
				<string>8A032D2C0000000000000002</string>
			</array>
			<key>buildConfigurationList</key>
			<string>218C37090000000000000004</string>
		</dict>
		<key>4952437303EDA63300000005</key>
		<dict>
			<key>isa</key>
			<string>XCBuildConfiguration</string>
			<key>name</key>
			<string>Debug</string>
			<key>buildSettings</key>
			<dict>
			</dict>
		</dict>
		<key>4952437350C7218900000005</key>
		<dict>
			<key>isa</key>
			<string>XCBuildConfiguration</string>
			<key>name</key>
			<string>Profile</string>
			<key>buildSettings</key>
			<dict>
			</dict>
		</dict>
		<key>49524373A439BFE700000005</key>
		<dict>
			<key>isa</key>
			<string>XCBuildConfiguration</string>
			<key>name</key>
			<string>Release</string>
			<key>buildSettings</key>
			<dict>
			</dict>
		</dict>
		<key>218C37090000000000000005</key>
		<dict>
			<key>isa</key>
			<string>XCConfigurationList</string>
			<key>buildConfigurations</key>
			<array>
				<string>4952437303EDA63300000005</string>
				<string>4952437350C7218900000005</string>
				<string>49524373A439BFE700000005</string>
			</array>
			<key>defaultConfigurationIsVisible</key>
			<false/>
		</dict>
		<key>96C8479350C8E2F900000000</key>
		<dict>
			<key>isa</key>
			<string>PBXProject</string>
			<key>mainGroup</key>
			<string>B401C979EFB6AC4600000000</string>
			<key>targets</key>
			<array>
				<string>E66DC04E0E6F340F00000000</string>
				<string>E66DC04E55EB37A900000000</string>
				<string>E66DC04E778347A600000000</string>
				<string>E66DC04E9C47228100000000</string>
				<string>E66DC04EEC9D2DD100000000</string>
			</array>
			<key>buildConfigurationList</key>
			<string>218C37090000000000000005</string>
			<key>compatibilityVersion</key>
			<string>Xcode 3.2</string>
			<key>attributes</key>
			<dict>
				<key>LastUpgradeCheck</key>
				<string>9999</string>
			</dict>
		</dict>
	</dict>
	<key>rootObject</key>
	<string>96C8479350C8E2F900000000</string>
</dict>
</plist>