<?xml version="1.0" encoding="UTF-8" standalone="no"?><Scheme LastUpgradeVersion="9999" version="1.7"><BuildAction buildImplicitDependencies="YES" parallelizeBuildables="YES"><BuildActionEntries><BuildActionEntry buildForAnalyzing="YES" buildForArchiving="YES" buildForProfiling="YES" buildForRunning="YES" buildForTesting="YES"><BuildableReference BlueprintIdentifier="E66DC04E05A3F51C00000000" BlueprintName="child" BuildableIdentifier="primary" BuildableName="child.framework" ReferencedContainer="container:Project.xcodeproj"/></BuildActionEntry><BuildActionEntry buildForAnalyzing="YES" buildForArchiving="YES" buildForProfiling="YES" buildForRunning="YES" buildForTesting="YES"><BuildableReference BlueprintIdentifier="E66DC04EAEDAAE9400000000" BlueprintName="child0" BuildableIdentifier="primary" BuildableName="child0.framework" ReferencedContainer="container:Project.xcodeproj"/></BuildActionEntry><BuildActionEntry buildForAnalyzing="YES" buildForArchiving="YES" buildForProfiling="YES" buildForRunning="YES" buildForTesting="YES"><BuildableReference BlueprintIdentifier="E66DC04EAEDAAE9500000000" BlueprintName="child1" BuildableIdentifier="primary" BuildableName="child1.framework" ReferencedContainer="container:Project.xcodeproj"/></BuildActionEntry><BuildActionEntry buildForAnalyzing="YES" buildForArchiving="YES" buildForProfiling="YES" buildForRunning="YES" buildForTesting="YES"><BuildableReference BlueprintIdentifier="E66DC04E2C7B243B00000000" BlueprintName="child10" BuildableIdentifier="primary" BuildableName="child10.framework" ReferencedContainer="container:Project.xcodeproj"/></BuildActionEntry><BuildActionEntry buildForAnalyzing="YES" buildForArchiving="YES" buildForProfiling="YES" buildForRunning="YES" buildForTesting="YES"><BuildableReference BlueprintIdentifier="E66DC04E62E9635500000000" BlueprintName="child100" BuildableIdentifier="primary" BuildableName="child100.framework" ReferencedContainer="container:Project.xcodeproj"/></BuildActionEntry><BuildActionEntry buildForAnalyzing="YES" buildForArchiving="YES" buildForProfiling="YES" buildForRunning="YES" buildForTesting="YES"><BuildableReference BlueprintIdentifier="E66DC04E62E9635600000000" BlueprintName="child101" BuildableIdentifier="primary" BuildableName="child101.framework" ReferencedContainer="container:Project.xcodeproj"/></BuildActionEntry><BuildActionEntry buildForAnalyzing="YES" buildForArchiving="YES" buildForProfiling="YES" buildForRunning="YES" buildForTesting="YES"><BuildableReference BlueprintIdentifier="E66DC04E62E9635700000000" BlueprintName="child102" BuildableIdentifier="primary" BuildableName="child102.framework" ReferencedContainer="container:Project.xcodeproj"/></BuildActionEntry><BuildActionEntry buildForAnalyzing="YES" buildForArchiving="YES" buildForProfiling="YES" buildForRunning="YES" buildForTesting="YES"><BuildableReference BlueprintIdentifier="E66DC04E62E9635800000000" BlueprintName="child103" BuildableIdentifier="primary" BuildableName="child103.framework" ReferencedContainer="container:Project.xcodeproj"/></BuildActionEntry><BuildActionEntry buildForAnalyzing="YES" buildForArchiving="YES" buildForProfiling="YES" buildForRunning="YES" buildForTesting="YES"><BuildableReference BlueprintIdentifier="E66DC04E62E9635900000000" BlueprintName="child104" BuildableIdentifier="primary" BuildableName="child104.framework" ReferencedContainer="container:Project.xcodeproj"/></BuildActionEntry><BuildActionEntry buildForAnalyzing="YES" buildForArchiving="YES" buildForProfiling="YES" buildForRunning="YES" buildForTesting="YES"><BuildableReference BlueprintIdentifier="E66DC04E62E9635A00000000" BlueprintName="child105" BuildableIdentifier="primary" BuildableName="child105.framework" ReferencedContainer="container:Project.xcodeproj"/></BuildActionEntry><BuildActionEntry buildForAnalyzing="YES" buildForArchiving="YES" buildForProfiling="YES" buildForRunning="YES" buildForTesting="YES"><BuildableReference BlueprintIdentifier="E66DC04E62E9635B00000000" BlueprintName="child106" BuildableIdentifier="primary" BuildableName="child106.framework" ReferencedContainer="container:Project.xcodeproj"/></BuildActionEntry><BuildActionEntry buildForAnalyzing="YES" buildForArchiving="YES" buildForProfiling="YES" buildForRunning="YES" buildForTesting="YES"><BuildableReference BlueprintIdentifier="E66DC04E62E9635C00000000" BlueprintName="child107" BuildableIdentifier="primary" BuildableName="child107.framework" ReferencedContainer="container:Project.xcodeproj"/></BuildActionEntry><BuildActionEntry buildForAnalyzing="YES" buildForArchiving="YES" buildForProfiling="YES" buildForRunning="YES" buildForTesting="YES"><BuildableReference BlueprintIdentifier="E66DC04E62E9635D00000000" BlueprintName="child108" BuildableIdentifier="primary" BuildableName="child108.framework" ReferencedContainer="container:Project.xcodeproj"/></BuildActionEntry><BuildActionEntry buildForAnalyzing="YES" buildForArchiving="YES" buildForProfiling="YES" buildForRunning="YES" buildForTesting="YES"><BuildableReference BlueprintIdentifier="E66DC04E62E9635E00000000" BlueprintName="child109" BuildableIdentifier="primary" BuildableName="child109.framework" ReferencedContainer="container:Project.xcodeproj"/></BuildActionEntry><BuildActionEntry buildForAnalyzing="YES" buildForArchiving="YES" buildForProfiling="YES" buildForRunning="YES" buildForTesting="YES"><BuildableReference BlueprintIdentifier="E66DC04E2C7B243C00000000" BlueprintName="child11" BuildableIdentifier="primary" BuildableName="child11.framework" ReferencedContainer="container:Project.xcodeproj"/></BuildActionEntry><BuildActionEntry buildForAnalyzing="YES" buildForArchiving="YES" buildForProfiling="YES" buildForRunning="YES" buildForTesting="YES"><BuildableReference BlueprintIdentifier="E66DC04E62E9637400000000" BlueprintName="child110" BuildableIdentifier="primary" BuildableName="child110.framework" ReferencedContainer="container:Project.xcodeproj"/></BuildActionEntry><BuildActionEntry buildForAnalyzing="YES" buildForArchiving="YES" buildForProfiling="YES" buildForRunning="YES" buildForTesting="YES"><BuildableReference BlueprintIdentifier="E66DC04E62E9637500000000" BlueprintName="child111" BuildableIdentifier="primary" BuildableName="child111.framework" ReferencedContainer="container:Project.xcodeproj"/></BuildActionEntry><BuildActionEntry buildForAnalyzing="YES" buildForArchiving="YES" buildForProfiling="YES" buildForRunning="YES" buildForTesting="YES"><BuildableReference BlueprintIdentifier="E66DC04E62E9637600000000" BlueprintName="child112" BuildableIdentifier="primary" BuildableName="child112.framework" ReferencedContainer="container:Project.xcodeproj"/></BuildActionEntry><BuildActionEntry buildForAnalyzing="YES" buildForArchiving="YES" buildForProfiling="YES" buildForRunning="YES" buildForTesting="YES"><BuildableReference BlueprintIdentifier="E66DC04E62E9637700000000" BlueprintName="child113" BuildableIdentifier="primary" BuildableName="child113.framework" ReferencedContainer="container:Project.xcodeproj"/></BuildActionEntry><BuildActionEntry buildForAnalyzing="YES" buildForArchiving="YES" buildForProfiling="YES" buildForRunning="YES" buildForTesting="YES"><BuildableReference BlueprintIdentifier="E66DC04E62E9637800000000" BlueprintName="child114" BuildableIdentifier="primary" BuildableName="child114.framework" ReferencedContainer="container:Project.xcodeproj"/></BuildActionEntry><BuildActionEntry buildForAnalyzing="YES" buildForArchiving="YES" buildForProfiling="YES" buildForRunning="YES" buildForTesting="YES"><BuildableReference BlueprintIdentifier="E66DC04E62E9637900000000" BlueprintName="child115" BuildableIdentifier="primary" BuildableName="child115.framework" ReferencedContainer="container:Project.xcodeproj"/></BuildActionEntry><BuildActionEntry buildForAnalyzing="YES" buildForArchiving="YES" buildForProfiling="YES" buildForRunning="YES" buildForTesting="YES"><BuildableReference BlueprintIdentifier="E66DC04E62E9637A00000000" BlueprintName="child116" BuildableIdentifier="primary" BuildableName="child116.framework" ReferencedContainer="container:Project.xcodeproj"/></BuildActionEntry><BuildActionEntry buildForAnalyzing="YES" buildForArchiving="YES" buildForProfiling="YES" buildForRunning="YES" buildForTesting="YES"><BuildableReference BlueprintIdentifier="E66DC04E62E9637B00000000" BlueprintName="child117" BuildableIdentifier="primary" BuildableName="child117.framework" ReferencedContainer="container:Project.xcodeproj"/></BuildActionEntry><BuildActionEntry buildForAnalyzing="YES" buildForArchiving="YES" buildForProfiling="YES" buildForRunning="YES" buildForTesting="YES"><BuildableReference BlueprintIdentifier="E66DC04E62E9637C00000000" BlueprintName="child118" BuildableIdentifier="primary" BuildableName="child118.framework" ReferencedContainer="container:Project.xcodeproj"/></BuildActionEntry><BuildActionEntry buildForAnalyzing="YES" buildForArchiving="YES" buildForProfiling="YES" buildForRunning="YES" buildForTesting="YES"><BuildableReference BlueprintIdentifier="E66DC04E62E9637D00000000" BlueprintName="child119" BuildableIdentifier="primary" BuildableName="child119.framework" ReferencedContainer="container:Project.xcodeproj"/></BuildActionEntry><BuildActionEntry buildForAnalyzing="YES" buildForArchiving="YES" buildForProfiling="YES" buildForRunning="YES" buildForTesting="YES"><BuildableReference BlueprintIdentifier="E66DC04E2C7B243D00000000" BlueprintName="child12" BuildableIdentifier="primary" BuildableName="child12.framework" ReferencedContainer="container:Project.xcodeproj"/></BuildActionEntry><BuildActionEntry buildForAnalyzing="YES" buildForArchiving="YES" buildForProfiling="YES" buildForRunning="YES" buildForTesting="YES"><BuildableReference BlueprintIdentifier="E66DC04E62E9639300000000" BlueprintName="child120" BuildableIdentifier="primary" BuildableName="child120.framework" ReferencedContainer="container:Project.xcodeproj"/></BuildActionEntry><BuildActionEntry buildForAnalyzing="YES" buildForArchiving="YES" buildForProfiling="YES" buildForRunning="YES" buildForTesting="YES"><BuildableReference BlueprintIdentifier="E66DC04E62E9639400000000" BlueprintName="child121" BuildableIdentifier="primary" BuildableName="child121.framework" ReferencedContainer="container:Project.xcodeproj"/></BuildActionEntry><BuildActionEntry buildForAnalyzing="YES" buildForArchiving="YES" buildForProfiling="YES" buildForRunning="YES" buildForTesting="YES"><BuildableReference BlueprintIdentifier="E66DC04E62E9639500000000" BlueprintName="child122" BuildableIdentifier="primary" BuildableName="child122.framework" ReferencedContainer="container:Project.xcodeproj"/></BuildActionEntry><BuildActionEntry buildForAnalyzing="YES" buildForArchiving="YES" buildForProfiling="YES" buildForRunning="YES" buildForTesting="YES"><BuildableReference BlueprintIdentifier="E66DC04E62E9639600000000" BlueprintName="child123" BuildableIdentifier="primary" BuildableName="child123.framework" ReferencedContainer="container:Project.xcodeproj"/></BuildActionEntry><BuildActionEntry buildForAnalyzing="YES" buildForArchiving="YES" buildForProfiling="YES" buildForRunning="YES" buildForTesting="YES"><BuildableReference BlueprintIdentifier="E66DC04E62E9639700000000" BlueprintName="child124" BuildableIdentifier="primary" BuildableName="child124.framework" ReferencedContainer="container:Project.xcodeproj"/></BuildActionEntry><BuildActionEntry buildForAnalyzing="YES" buildForArchiving="YES" buildForProfiling="YES" buildForRunning="YES" buildForTesting="YES"><BuildableReference BlueprintIdentifier="E66DC04E62E9639800000000" BlueprintName="child125" BuildableIdentifier="primary" BuildableName="child125.framework" ReferencedContainer="container:Project.xcodeproj"/></BuildActionEntry><BuildActionEntry buildForAnalyzing="YES" buildForArchiving="YES" buildForProfiling="YES" buildForRunning="YES" buildForTesting="YES"><BuildableReference BlueprintIdentifier="E66DC04E62E9639900000000" BlueprintName="child126" BuildableIdentifier="primary" BuildableName="child126.framework" ReferencedContainer="container:Project.xcodeproj"/></BuildActionEntry><BuildActionEntry buildForAnalyzing="YES" buildForArchiving="YES" buildForProfiling="YES" buildForRunning="YES" buildForTesting="YES"><BuildableReference BlueprintIdentifier="E66DC04E62E9639A00000000" BlueprintName="child127" BuildableIdentifier="primary" BuildableName="child127.framework" ReferencedContainer="container:Project.xcodeproj"/></BuildActionEntry><BuildActionEntry buildForAnalyzing="YES" buildForArchiving="YES" buildForProfiling="YES" buildForRunning="YES" buildForTesting="YES"><BuildableReference BlueprintIdentifier="E66DC04E62E9639B00000000" BlueprintName="child128" BuildableIdentifier="primary" BuildableName="child128.framework" ReferencedContainer="container:Project.xcodeproj"/></BuildActionEntry><BuildActionEntry buildForAnalyzing="YES" buildForArchiving="YES" buildForProfiling="YES" buildForRunning="YES" buildForTesting="YES"><BuildableReference BlueprintIdentifier="E66DC04E62E9639C00000000" BlueprintName="child129" BuildableIdentifier="primary" BuildableName="child129.framework" ReferencedContainer="container:Project.xcodeproj"/></BuildActionEntry><BuildActionEntry buildForAnalyzing="YES" buildForArchiving="YES" buildForProfiling="YES" buildForRunning="YES" buildForTesting="YES"><BuildableReference BlueprintIdentifier="E66DC04E2C7B243E00000000" BlueprintName="child13" BuildableIdentifier="primary" BuildableName="child13.framework" ReferencedContainer="container:Project.xcodeproj"/></BuildActionEntry><BuildActionEntry buildForAnalyzing="YES" buildForArchiving="YES" buildForProfiling="YES" buildForRunning="YES" buildForTesting="YES"><BuildableReference BlueprintIdentifier="E66DC04E62E963B200000000" BlueprintName="child130" BuildableIdentifier="primary" BuildableName="child130.framework" ReferencedContainer="container:Project.xcodeproj"/></BuildActionEntry><BuildActionEntry buildForAnalyzing="YES" buildForArchiving="YES" buildForProfiling="YES" buildForRunning="YES" buildForTesting="YES"><BuildableReference BlueprintIdentifier="E66DC04E62E963B300000000" BlueprintName="child131" BuildableIdentifier="primary" BuildableName="child131.framework" ReferencedContainer="container:Project.xcodeproj"/></BuildActionEntry><BuildActionEntry buildForAnalyzing="YES" buildForArchiving="YES" buildForProfiling="YES" buildForRunning="YES" buildForTesting="YES"><BuildableReference BlueprintIdentifier="E66DC04E62E963B400000000" BlueprintName="child132" BuildableIdentifier="primary" BuildableName="child132.framework" ReferencedContainer="container:Project.xcodeproj"/></BuildActionEntry><BuildActionEntry buildForAnalyzing="YES" buildForArchiving="YES" buildForProfiling="YES" buildForRunning="YES" buildForTesting="YES"><BuildableReference BlueprintIdentifier="E66DC04E62E963B500000000" BlueprintName="child133" BuildableIdentifier="primary" BuildableName="child133.framework" ReferencedContainer="container:Project.xcodeproj"/></BuildActionEntry><BuildActionEntry buildForAnalyzing="YES" buildForArchiving="YES" buildForProfiling="YES" buildForRunning="YES" buildForTesting="YES"><BuildableReference BlueprintIdentifier="E66DC04E62E963B600000000" BlueprintName="child134" BuildableIdentifier="primary" BuildableName="child134.framework" ReferencedContainer="container:Project.xcodeproj"/></BuildActionEntry><BuildActionEntry buildForAnalyzing="YES" buildForArchiving="YES" buildForProfiling="YES" buildForRunning="YES" buildForTesting="YES"><BuildableReference BlueprintIdentifier="E66DC04E62E963B700000000" BlueprintName="child135" BuildableIdentifier="primary" BuildableName="child135.framework" ReferencedContainer="container:Project.xcodeproj"/></BuildActionEntry><BuildActionEntry buildForAnalyzing="YES" buildForArchiving="YES" buildForProfiling="YES" buildForRunning="YES" buildForTesting="YES"><BuildableReference BlueprintIdentifier="E66DC04E62E963B800000000" BlueprintName="child136" BuildableIdentifier="primary" BuildableName="child136.framework" ReferencedContainer="container:Project.xcodeproj"/></BuildActionEntry><BuildActionEntry buildForAnalyzing="YES" buildForArchiving="YES" buildForProfiling="YES" buildForRunning="YES" buildForTesting="YES"><BuildableReference BlueprintIdentifier="E66DC04E62E963B900000000" BlueprintName="child137" BuildableIdentifier="primary" BuildableName="child137.framework" ReferencedContainer="container:Project.xcodeproj"/></BuildActionEntry><BuildActionEntry buildForAnalyzing="YES" buildForArchiving="YES" buildForProfiling="YES" buildForRunning="YES" buildForTesting="YES"><BuildableReference BlueprintIdentifier="E66DC04E62E963BA00000000" BlueprintName="child138" BuildableIdentifier="primary" BuildableName="child138.framework" ReferencedContainer="container:Project.xcodeproj"/></BuildActionEntry><BuildActionEntry buildForAnalyzing="YES" buildForArchiving="YES" buildForProfiling="YES" buildForRunning="YES" buildForTesting="YES"><BuildableReference BlueprintIdentifier="E66DC04E62E963BB00000000" BlueprintName="child139" BuildableIdentifier="primary" BuildableName="child139.framework" ReferencedContainer="container:Project.xcodeproj"/></BuildActionEntry><BuildActionEntry buildForAnalyzing="YES" buildForArchiving="YES" buildForProfiling="YES" buildForRunning="YES" buildForTesting="YES"><BuildableReference BlueprintIdentifier="E66DC04E2C7B243F00000000" BlueprintName="child14" BuildableIdentifier="primary" BuildableName="child14.framework" ReferencedContainer="container:Project.xcodeproj"/></BuildActionEntry><BuildActionEntry buildForAnalyzing="YES" buildForArchiving="YES" buildForProfiling="YES" buildForRunning="YES" buildForTesting="YES"><BuildableReference BlueprintIdentifier="E66DC04E62E963D100000000" BlueprintName="child140" BuildableIdentifier="primary" BuildableName="child140.framework" ReferencedContainer="container:Project.xcodeproj"/></BuildActionEntry><BuildActionEntry buildForAnalyzing="YES" buildForArchiving="YES" buildForProfiling="YES" buildForRunning="YES" buildForTesting="YES"><BuildableReference BlueprintIdentifier="E66DC04E62E963D200000000" BlueprintName="child141" BuildableIdentifier="primary" BuildableName="child141.framework" ReferencedContainer="container:Project.xcodeproj"/></BuildActionEntry><BuildActionEntry buildForAnalyzing="YES" buildForArchiving="YES" buildForProfiling="YES" buildForRunning="YES" buildForTesting="YES"><BuildableReference BlueprintIdentifier="E66DC04E62E963D300000000" BlueprintName="child142" BuildableIdentifier="primary" BuildableName="child142.framework" ReferencedContainer="container:Project.xcodeproj"/></BuildActionEntry><BuildActionEntry buildForAnalyzing="YES" buildForArchiving="YES" buildForProfiling="YES" buildForRunning="YES" buildForTesting="YES"><BuildableReference BlueprintIdentifier="E66DC04E62E963D400000000" BlueprintName="child143" BuildableIdentifier="primary" BuildableName="child143.framework" ReferencedContainer="container:Project.xcodeproj"/></BuildActionEntry><BuildActionEntry buildForAnalyzing="YES" buildForArchiving="YES" buildForProfiling="YES" buildForRunning="YES" buildForTesting="YES"><BuildableReference BlueprintIdentifier="E66DC04E62E963D500000000" BlueprintName="child144" BuildableIdentifier="primary" BuildableName="child144.framework" ReferencedContainer="container:Project.xcodeproj"/></BuildActionEntry><BuildActionEntry buildForAnalyzing="YES" buildForArchiving="YES" buildForProfiling="YES" buildForRunning="YES" buildForTesting="YES"><BuildableReference BlueprintIdentifier="E66DC04E62E963D600000000" BlueprintName="child145" BuildableIdentifier="primary" BuildableName="child145.framework" ReferencedContainer="container:Project.xcodeproj"/></BuildActionEntry><BuildActionEntry buildForAnalyzing="YES" buildForArchiving="YES" buildForProfiling="YES" buildForRunning="YES" buildForTesting="YES"><BuildableReference BlueprintIdentifier="E66DC04E62E963D700000000" BlueprintName="child146" BuildableIdentifier="primary" BuildableName="child146.framework" ReferencedContainer="container:Project.xcodeproj"/></BuildActionEntry><BuildActionEntry buildForAnalyzing="YES" buildForArchiving="YES" buildForProfiling="YES" buildForRunning="YES" buildForTesting="YES"><BuildableReference BlueprintIdentifier="E66DC04E62E963D800000000" BlueprintName="child147" BuildableIdentifier="primary" BuildableName="child147.framework" ReferencedContainer="container:Project.xcodeproj"/></BuildActionEntry><BuildActionEntry buildForAnalyzing="YES" buildForArchiving="YES" buildForProfiling="YES" buildForRunning="YES" buildForTesting="YES"><BuildableReference BlueprintIdentifier="E66DC04E62E963D900000000" BlueprintName="child148" BuildableIdentifier="primary" BuildableName="child148.framework" ReferencedContainer="container:Project.xcodeproj"/></BuildActionEntry><BuildActionEntry buildForAnalyzing="YES" buildForArchiving="YES" buildForProfiling="YES" buildForRunning="YES" buildForTesting="YES"><BuildableReference BlueprintIdentifier="E66DC04E62E963DA00000000" BlueprintName="child149" BuildableIdentifier="primary" BuildableName="child149.framework" ReferencedContainer="container:Project.xcodeproj"/></BuildActionEntry><BuildActionEntry buildForAnalyzing="YES" buildForArchiving="YES" buildForProfiling="YES" buildForRunning="YES" buildForTesting="YES"><BuildableReference BlueprintIdentifier="E66DC04E2C7B244000000000" BlueprintName="child15" BuildableIdentifier="primary" BuildableName="child15.framework" ReferencedContainer="container:Project.xcodeproj"/></BuildActionEntry><BuildActionEntry buildForAnalyzing="YES" buildForArchiving="YES" buildForProfiling="YES" buildForRunning="YES" buildForTesting="YES"><BuildableReference BlueprintIdentifier="E66DC04E62E963F000000000" BlueprintName="child150" BuildableIdentifier="primary" BuildableName="child150.framework" ReferencedContainer="container:Project.xcodeproj"/></BuildActionEntry><BuildActionEntry buildForAnalyzing="YES" buildForArchiving="YES" buildForProfiling="YES" buildForRunning="YES" buildForTesting="YES"><BuildableReference BlueprintIdentifier="E66DC04E62E963F100000000" BlueprintName="child151" BuildableIdentifier="primary" BuildableName="child151.framework" ReferencedContainer="container:Project.xcodeproj"/></BuildActionEntry><BuildActionEntry buildForAnalyzing="YES" buildForArchiving="YES" buildForProfiling="YES" buildForRunning="YES" buildForTesting="YES"><BuildableReference BlueprintIdentifier="E66DC04E62E963F200000000" BlueprintName="child152" BuildableIdentifier="primary" BuildableName="child152.framework" ReferencedContainer="container:Project.xcodeproj"/></BuildActionEntry><BuildActionEntry buildForAnalyzing="YES" buildForArchiving="YES" buildForProfiling="YES" buildForRunning="YES" buildForTesting="YES"><BuildableReference BlueprintIdentifier="E66DC04E62E963F300000000" BlueprintName="child153" BuildableIdentifier="primary" BuildableName="child153.framework" ReferencedContainer="container:Project.xcodeproj"/></BuildActionEntry><BuildActionEntry buildForAnalyzing="YES" buildForArchiving="YES" buildForProfiling="YES" buildForRunning="YES" buildForTesting="YES"><BuildableReference BlueprintIdentifier="E66DC04E62E963F400000000" BlueprintName="child154" BuildableIdentifier="primary" BuildableName="child154.framework" ReferencedContainer="container:Project.xcodeproj"/></BuildActionEntry><BuildActionEntry buildForAnalyzing="YES" buildForArchiving="YES" buildForProfiling="YES" buildForRunning="YES" buildForTesting="YES"><BuildableReference BlueprintIdentifier="E66DC04E62E963F500000000" BlueprintName="child155" BuildableIdentifier="primary" BuildableName="child155.framework" ReferencedContainer="container:Project.xcodeproj"/></BuildActionEntry><BuildActionEntry buildForAnalyzing="YES" buildForArchiving="YES" buildForProfiling="YES" buildForRunning="YES" buildForTesting="YES"><BuildableReference BlueprintIdentifier="E66DC04E62E963F600000000" BlueprintName="child156" BuildableIdentifier="primary" BuildableName="child156.framework" ReferencedContainer="container:Project.xcodeproj"/></BuildActionEntry><BuildActionEntry buildForAnalyzing="YES" buildForArchiving="YES" buildForProfiling="YES" buildForRunning="YES" buildForTesting="YES"><BuildableReference BlueprintIdentifier="E66DC04E62E963F700000000" BlueprintName="child157" BuildableIdentifier="primary" BuildableName="child157.framework" ReferencedContainer="container:Project.xcodeproj"/></BuildActionEntry><BuildActionEntry buildForAnalyzing="YES" buildForArchiving="YES" buildForProfiling="YES" buildForRunning="YES" buildForTesting="YES"><BuildableReference BlueprintIdentifier="E66DC04E62E963F800000000" BlueprintName="child158" BuildableIdentifier="primary" BuildableName="child158.framework" ReferencedContainer="container:Project.xcodeproj"/></BuildActionEntry><BuildActionEntry buildForAnalyzing="YES" buildForArchiving="YES" buildForProfiling="YES" buildForRunning="YES" buildForTesting="YES"><BuildableReference BlueprintIdentifier="E66DC04E62E963F900000000" BlueprintName="child159" BuildableIdentifier="primary" BuildableName="child159.framework" ReferencedContainer="container:Project.xcodeproj"/></BuildActionEntry><BuildActionEntry buildForAnalyzing="YES" buildForArchiving="YES" buildForProfiling="YES" buildForRunning="YES" buildForTesting="YES"><BuildableReference BlueprintIdentifier="E66DC04E2C7B244100000000" BlueprintName="child16" BuildableIdentifier="primary" BuildableName="child16.framework" ReferencedContainer="container:Project.xcodeproj"/></BuildActionEntry><BuildActionEntry buildForAnalyzing="YES" buildForArchiving="YES" buildForProfiling="YES" buildForRunning="YES" buildForTesting="YES"><BuildableReference BlueprintIdentifier="E66DC04E62E9640F00000000" BlueprintName="child160" BuildableIdentifier="primary" BuildableName="child160.framework" ReferencedContainer="container:Project.xcodeproj"/></BuildActionEntry><BuildActionEntry buildForAnalyzing="YES" buildForArchiving="YES" buildForProfiling="YES" buildForRunning="YES" buildForTesting="YES"><BuildableReference BlueprintIdentifier="E66DC04E62E9641000000000" BlueprintName="child161" BuildableIdentifier="primary" BuildableName="child161.framework" ReferencedContainer="container:Project.xcodeproj"/></BuildActionEntry><BuildActionEntry buildForAnalyzing="YES" buildForArchiving="YES" buildForProfiling="YES" buildForRunning="YES" buildForTesting="YES"><BuildableReference BlueprintIdentifier="E66DC04E62E9641100000000" BlueprintName="child162" BuildableIdentifier="primary" BuildableName="child162.framework" ReferencedContainer="container:Project.xcodeproj"/></BuildActionEntry><BuildActionEntry buildForAnalyzing="YES" buildForArchiving="YES" buildForProfiling="YES" buildForRunning="YES" buildForTesting="YES"><BuildableReference BlueprintIdentifier="E66DC04E62E9641200000000" BlueprintName="child163" BuildableIdentifier="primary" BuildableName="child163.framework" ReferencedContainer="container:Project.xcodeproj"/></BuildActionEntry><BuildActionEntry buildForAnalyzing="YES" buildForArchiving="YES" buildForProfiling="YES" buildForRunning="YES" buildForTesting="YES"><BuildableReference BlueprintIdentifier="E66DC04E62E9641300000000" BlueprintName="child164" BuildableIdentifier="primary" BuildableName="child164.framework" ReferencedContainer="container:Project.xcodeproj"/></BuildActionEntry><BuildActionEntry buildForAnalyzing="YES" buildForArchiving="YES" buildForProfiling="YES" buildForRunning="YES" buildForTesting="YES"><BuildableReference BlueprintIdentifier="E66DC04E62E9641400000000" BlueprintName="child165" BuildableIdentifier="primary" BuildableName="child165.framework" ReferencedContainer="container:Project.xcodeproj"/></BuildActionEntry><BuildActionEntry buildForAnalyzing="YES" buildForArchiving="YES" buildForProfiling="YES" buildForRunning="YES" buildForTesting="YES"><BuildableReference BlueprintIdentifier="E66DC04E62E9641500000000" BlueprintName="child166" BuildableIdentifier="primary" BuildableName="child166.framework" ReferencedContainer="container:Project.xcodeproj"/></BuildActionEntry><BuildActionEntry buildForAnalyzing="YES" buildForArchiving="YES" buildForProfiling="YES" buildForRunning="YES" buildForTesting="YES"><BuildableReference BlueprintIdentifier="E66DC04E62E9641600000000" BlueprintName="child167" BuildableIdentifier="primary" BuildableName="child167.framework" ReferencedContainer="container:Project.xcodeproj"/></BuildActionEntry><BuildActionEntry buildForAnalyzing="YES" buildForArchiving="YES" buildForProfiling="YES" buildForRunning="YES" buildForTesting="YES"><BuildableReference BlueprintIdentifier="E66DC04E62E9641700000000" BlueprintName="child168" BuildableIdentifier="primary" BuildableName="child168.framework" ReferencedContainer="container:Project.xcodeproj"/></BuildActionEntry><BuildActionEntry buildForAnalyzing="YES" buildForArchiving="YES" buildForProfiling="YES" buildForRunning="YES" buildForTesting="YES"><BuildableReference BlueprintIdentifier="E66DC04E62E9641800000000" BlueprintName="child169" BuildableIdentifier="primary" BuildableName="child169.framework" ReferencedContainer="container:Project.xcodeproj"/></BuildActionEntry><BuildActionEntry buildForAnalyzing="YES" buildForArchiving="YES" buildForProfiling="YES" buildForRunning="YES" buildForTesting="YES"><BuildableReference BlueprintIdentifier="E66DC04E2C7B244200000000" BlueprintName="child17" BuildableIdentifier="primary" BuildableName="child17.framework" ReferencedContainer="container:Project.xcodeproj"/></BuildActionEntry><BuildActionEntry buildForAnalyzing="YES" buildForArchiving="YES" buildForProfiling="YES" buildForRunning="YES" buildForTesting="YES"><BuildableReference BlueprintIdentifier="E66DC04E62E9642E00000000" BlueprintName="child170" BuildableIdentifier="primary" BuildableName="child170.framework" ReferencedContainer="container:Project.xcodeproj"/></BuildActionEntry><BuildActionEntry buildForAnalyzing="YES" buildForArchiving="YES" buildForProfiling="YES" buildForRunning="YES" buildForTesting="YES"><BuildableReference BlueprintIdentifier="E66DC04E62E9642F00000000" BlueprintName="child171" BuildableIdentifier="primary" BuildableName="child171.framework" ReferencedContainer="container:Project.xcodeproj"/></BuildActionEntry><BuildActionEntry buildForAnalyzing="YES" buildForArchiving="YES" buildForProfiling="YES" buildForRunning="YES" buildForTesting="YES"><BuildableReference BlueprintIdentifier="E66DC04E62E9643000000000" BlueprintName="child172" BuildableIdentifier="primary" BuildableName="child172.framework" ReferencedContainer="container:Project.xcodeproj"/></BuildActionEntry><BuildActionEntry buildForAnalyzing="YES" buildForArchiving="YES" buildForProfiling="YES" buildForRunning="YES" buildForTesting="YES"><BuildableReference BlueprintIdentifier="E66DC04E62E9643100000000" BlueprintName="child173" BuildableIdentifier="primary" BuildableName="child173.framework" ReferencedContainer="container:Project.xcodeproj"/></BuildActionEntry><BuildActionEntry buildForAnalyzing="YES" buildForArchiving="YES" buildForProfiling="YES" buildForRunning="YES" buildForTesting="YES"><BuildableReference BlueprintIdentifier="E66DC04E62E9643200000000" BlueprintName="child174" BuildableIdentifier="primary" BuildableName="child174.framework" ReferencedContainer="container:Project.xcodeproj"/></BuildActionEntry><BuildActionEntry buildForAnalyzing="YES" buildForArchiving="YES" buildForProfiling="YES" buildForRunning="YES" buildForTesting="YES"><BuildableReference BlueprintIdentifier="E66DC04E62E9643300000000" BlueprintName="child175" BuildableIdentifier="primary" BuildableName="child175.framework" ReferencedContainer="container:Project.xcodeproj"/></BuildActionEntry><BuildActionEntry buildForAnalyzing="YES" buildForArchiving="YES" buildForProfiling="YES" buildForRunning="YES" buildForTesting="YES"><BuildableReference BlueprintIdentifier="E66DC04E62E9643400000000" BlueprintName="child176" BuildableIdentifier="primary" BuildableName="child176.framework" ReferencedContainer="container:Project.xcodeproj"/></BuildActionEntry><BuildActionEntry buildForAnalyzing="YES" buildForArchiving="YES" buildForProfiling="YES" buildForRunning="YES" buildForTesting="YES"><BuildableReference BlueprintIdentifier="E66DC04E62E9643500000000" BlueprintName="child177" BuildableIdentifier="primary" BuildableName="child177.framework" ReferencedContainer="container:Project.xcodeproj"/></BuildActionEntry><BuildActionEntry buildForAnalyzing="YES" buildForArchiving="YES" buildForProfiling="YES" buildForRunning="YES" buildForTesting="YES"><BuildableReference BlueprintIdentifier="E66DC04E62E9643600000000" BlueprintName="child178" BuildableIdentifier="primary" BuildableName="child178.framework" ReferencedContainer="container:Project.xcodeproj"/></BuildActionEntry><BuildActionEntry buildForAnalyzing="YES" buildForArchiving="YES" buildForProfiling="YES" buildForRunning="YES" buildForTesting="YES"><BuildableReference BlueprintIdentifier="E66DC04E62E9643700000000" BlueprintName="child179" BuildableIdentifier="primary" BuildableName="child179.framework" ReferencedContainer="container:Project.xcodeproj"/></BuildActionEntry><BuildActionEntry buildForAnalyzing="YES" buildForArchiving="YES" buildForProfiling="YES" buildForRunning="YES" buildForTesting="YES"><BuildableReference BlueprintIdentifier="E66DC04E2C7B244300000000" BlueprintName="child18" BuildableIdentifier="primary" BuildableName="child18.framework" ReferencedContainer="container:Project.xcodeproj"/></BuildActionEntry><BuildActionEntry buildForAnalyzing="YES" buildForArchiving="YES" buildForProfiling="YES" buildForRunning="YES" buildForTesting="YES"><BuildableReference BlueprintIdentifier="E66DC04E62E9644D00000000" BlueprintName="child180" BuildableIdentifier="primary" BuildableName="child180.framework" ReferencedContainer="container:Project.xcodeproj"/></BuildActionEntry><BuildActionEntry buildForAnalyzing="YES" buildForArchiving="YES" buildForProfiling="YES" buildForRunning="YES" buildForTesting="YES"><BuildableReference BlueprintIdentifier="E66DC04E62E9644E00000000" BlueprintName="child181" BuildableIdentifier="primary" BuildableName="child181.framework" ReferencedContainer="container:Project.xcodeproj"/></BuildActionEntry><BuildActionEntry buildForAnalyzing="YES" buildForArchiving="YES" buildForProfiling="YES" buildForRunning="YES" buildForTesting="YES"><BuildableReference BlueprintIdentifier="E66DC04E62E9644F00000000" BlueprintName="child182" BuildableIdentifier="primary" BuildableName="child182.framework" ReferencedContainer="container:Project.xcodeproj"/></BuildActionEntry><BuildActionEntry buildForAnalyzing="YES" buildForArchiving="YES" buildForProfiling="YES" buildForRunning="YES" buildForTesting="YES"><BuildableReference BlueprintIdentifier="E66DC04E62E9645000000000" BlueprintName="child183" BuildableIdentifier="primary" BuildableName="child183.framework" ReferencedContainer="container:Project.xcodeproj"/></BuildActionEntry><BuildActionEntry buildForAnalyzing="YES" buildForArchiving="YES" buildForProfiling="YES" buildForRunning="YES" buildForTesting="YES"><BuildableReference BlueprintIdentifier="E66DC04E62E9645100000000" BlueprintName="child184" BuildableIdentifier="primary" BuildableName="child184.framework" ReferencedContainer="container:Project.xcodeproj"/></BuildActionEntry><BuildActionEntry buildForAnalyzing="YES" buildForArchiving="YES" buildForProfiling="YES" buildForRunning="YES" buildForTesting="YES"><BuildableReference BlueprintIdentifier="E66DC04E62E9645200000000" BlueprintName="child185" BuildableIdentifier="primary" BuildableName="child185.framework" ReferencedContainer="container:Project.xcodeproj"/></BuildActionEntry><BuildActionEntry buildForAnalyzing="YES" buildForArchiving="YES" buildForProfiling="YES" buildForRunning="YES" buildForTesting="YES"><BuildableReference BlueprintIdentifier="E66DC04E62E9645300000000" BlueprintName="child186" BuildableIdentifier="primary" BuildableName="child186.framework" ReferencedContainer="container:Project.xcodeproj"/></BuildActionEntry><BuildActionEntry buildForAnalyzing="YES" buildForArchiving="YES" buildForProfiling="YES" buildForRunning="YES" buildForTesting="YES"><BuildableReference BlueprintIdentifier="E66DC04E62E9645400000000" BlueprintName="child187" BuildableIdentifier="primary" BuildableName="child187.framework" ReferencedContainer="container:Project.xcodeproj"/></BuildActionEntry><BuildActionEntry buildForAnalyzing="YES" buildForArchiving="YES" buildForProfiling="YES" buildForRunning="YES" buildForTesting="YES"><BuildableReference BlueprintIdentifier="E66DC04E62E9645500000000" BlueprintName="child188" BuildableIdentifier="primary" BuildableName="child188.framework" ReferencedContainer="container:Project.xcodeproj"/></BuildActionEntry><BuildActionEntry buildForAnalyzing="YES" buildForArchiving="YES" buildForProfiling="YES" buildForRunning="YES" buildForTesting="YES"><BuildableReference BlueprintIdentifier="E66DC04E62E9645600000000" BlueprintName="child189" BuildableIdentifier="primary" BuildableName="child189.framework" ReferencedContainer="container:Project.xcodeproj"/></BuildActionEntry><BuildActionEntry buildForAnalyzing="YES" buildForArchiving="YES" buildForProfiling="YES" buildForRunning="YES" buildForTesting="YES"><BuildableReference BlueprintIdentifier="E66DC04E2C7B244400000000" BlueprintName="child19" BuildableIdentifier="primary" BuildableName="child19.framework" ReferencedContainer="container:Project.xcodeproj"/></BuildActionEntry><BuildActionEntry buildForAnalyzing="YES" buildForArchiving="YES" buildForProfiling="YES" buildForRunning="YES" buildForTesting="YES"><BuildableReference BlueprintIdentifier="E66DC04E62E9646C00000000" BlueprintName="child190" BuildableIdentifier="primary" BuildableName="child190.framework" ReferencedContainer="container:Project.xcodeproj"/></BuildActionEntry><BuildActionEntry buildForAnalyzing="YES" buildForArchiving="YES" buildForProfiling="YES" buildForRunning="YES" buildForTesting="YES"><BuildableReference BlueprintIdentifier="E66DC04E62E9646D00000000" BlueprintName="child191" BuildableIdentifier="primary" BuildableName="child191.framework" ReferencedContainer="container:Project.xcodeproj"/></BuildActionEntry><BuildActionEntry buildForAnalyzing="YES" buildForArchiving="YES" buildForProfiling="YES" buildForRunning="YES" buildForTesting="YES"><BuildableReference BlueprintIdentifier="E66DC04E62E9646E00000000" BlueprintName="child192" BuildableIdentifier="primary" BuildableName="child192.framework" ReferencedContainer="container:Project.xcodeproj"/></BuildActionEntry><BuildActionEntry buildForAnalyzing="YES" buildForArchiving="YES" buildForProfiling="YES" buildForRunning="YES" buildForTesting="YES"><BuildableReference BlueprintIdentifier="E66DC04E62E9646F00000000" BlueprintName="child193" BuildableIdentifier="primary" BuildableName="child193.framework" ReferencedContainer="container:Project.xcodeproj"/></BuildActionEntry><BuildActionEntry buildForAnalyzing="YES" buildForArchiving="YES" buildForProfiling="YES" buildForRunning="YES" buildForTesting="YES"><BuildableReference BlueprintIdentifier="E66DC04E62E9647000000000" BlueprintName="child194" BuildableIdentifier="primary" BuildableName="child194.framework" ReferencedContainer="container:Project.xcodeproj"/></BuildActionEntry><BuildActionEntry buildForAnalyzing="YES" buildForArchiving="YES" buildForProfiling="YES" buildForRunning="YES" buildForTesting="YES"><BuildableReference BlueprintIdentifier="E66DC04E62E9647100000000" BlueprintName="child195" BuildableIdentifier="primary" BuildableName="child195.framework" ReferencedContainer="container:Project.xcodeproj"/></BuildActionEntry><BuildActionEntry buildForAnalyzing="YES" buildForArchiving="YES" buildForProfiling="YES" buildForRunning="YES" buildForTesting="YES"><BuildableReference BlueprintIdentifier="E66DC04E62E9647200000000" BlueprintName="child196" BuildableIdentifier="primary" BuildableName="child196.framework" ReferencedContainer="container:Project.xcodeproj"/></BuildActionEntry><BuildActionEntry buildForAnalyzing="YES" buildForArchiving="YES" buildForProfiling="YES" buildForRunning="YES" buildForTesting="YES"><BuildableReference BlueprintIdentifier="E66DC04E62E9647300000000" BlueprintName="child197" BuildableIdentifier="primary" BuildableName="child197.framework" ReferencedContainer="container:Project.xcodeproj"/></BuildActionEntry><BuildActionEntry buildForAnalyzing="YES" buildForArchiving="YES" buildForProfiling="YES" buildForRunning="YES" buildForTesting="YES"><BuildableReference BlueprintIdentifier="E66DC04E62E9647400000000" BlueprintName="child198" BuildableIdentifier="primary" BuildableName="child198.framework" ReferencedContainer="container:Project.xcodeproj"/></BuildActionEntry><BuildActionEntry buildForAnalyzing="YES" buildForArchiving="YES" buildForProfiling="YES" buildForRunning="YES" buildForTesting="YES"><BuildableReference BlueprintIdentifier="E66DC04E62E9647500000000" BlueprintName="child199" BuildableIdentifier="primary" BuildableName="child199.framework" ReferencedContainer="container:Project.xcodeproj"/></BuildActionEntry><BuildActionEntry buildForAnalyzing="YES" buildForArchiving="YES" buildForProfiling="YES" buildForRunning="YES" buildForTesting="YES"><BuildableReference BlueprintIdentifier="E66DC04EAEDAAE9600000000" BlueprintName="child2" BuildableIdentifier="primary" BuildableName="child2.framework" ReferencedContainer="container:Project.xcodeproj"/></BuildActionEntry><BuildActionEntry buildForAnalyzing="YES" buildForArchiving="YES" buildForProfiling="YES" buildForRunning="YES" buildForTesting="YES"><BuildableReference BlueprintIdentifier="E66DC04E2C7B245A00000000" BlueprintName="child20" BuildableIdentifier="primary" BuildableName="child20.framework" ReferencedContainer="container:Project.xcodeproj"/></BuildActionEntry><BuildActionEntry buildForAnalyzing="YES" buildForArchiving="YES" buildForProfiling="YES" buildForRunning="YES" buildForTesting="YES"><BuildableReference BlueprintIdentifier="E66DC04E2C7B245B00000000" BlueprintName="child21" BuildableIdentifier="primary" BuildableName="child21.framework" ReferencedContainer="container:Project.xcodeproj"/></BuildActionEntry><BuildActionEntry buildForAnalyzing="YES" buildForArchiving="YES" buildForProfiling="YES" buildForRunning="YES" buildForTesting="YES"><BuildableReference BlueprintIdentifier="E66DC04E2C7B245C00000000" BlueprintName="child22" BuildableIdentifier="primary" BuildableName="child22.framework" ReferencedContainer="container:Project.xcodeproj"/></BuildActionEntry><BuildActionEntry buildForAnalyzing="YES" buildForArchiving="YES" buildForProfiling="YES" buildForRunning="YES" buildForTesting="YES"><BuildableReference BlueprintIdentifier="E66DC04E2C7B245D00000000" BlueprintName="child23" BuildableIdentifier="primary" BuildableName="child23.framework" ReferencedContainer="container:Project.xcodeproj"/></BuildActionEntry><BuildActionEntry buildForAnalyzing="YES" buildForArchiving="YES" buildForProfiling="YES" buildForRunning="YES" buildForTesting="YES"><BuildableReference BlueprintIdentifier="E66DC04E2C7B245E00000000" BlueprintName="child24" BuildableIdentifier="primary" BuildableName="child24.framework" ReferencedContainer="container:Project.xcodeproj"/></BuildActionEntry><BuildActionEntry buildForAnalyzing="YES" buildForArchiving="YES" buildForProfiling="YES" buildForRunning="YES" buildForTesting="YES"><BuildableReference BlueprintIdentifier="E66DC04E2C7B245F00000000" BlueprintName="child25" BuildableIdentifier="primary" BuildableName="child25.framework" ReferencedContainer="container:Project.xcodeproj"/></BuildActionEntry><BuildActionEntry buildForAnalyzing="YES" buildForArchiving="YES" buildForProfiling="YES" buildForRunning="YES" buildForTesting="YES"><BuildableReference BlueprintIdentifier="E66DC04E2C7B246000000000" BlueprintName="child26" BuildableIdentifier="primary" BuildableName="child26.framework" ReferencedContainer="container:Project.xcodeproj"/></BuildActionEntry><BuildActionEntry buildForAnalyzing="YES" buildForArchiving="YES" buildForProfiling="YES" buildForRunning="YES" buildForTesting="YES"><BuildableReference BlueprintIdentifier="E66DC04E2C7B246100000000" BlueprintName="child27" BuildableIdentifier="primary" BuildableName="child27.framework" ReferencedContainer="container:Project.xcodeproj"/></BuildActionEntry><BuildActionEntry buildForAnalyzing="YES" buildForArchiving="YES" buildForProfiling="YES" buildForRunning="YES" buildForTesting="YES"><BuildableReference BlueprintIdentifier="E66DC04E2C7B246200000000" BlueprintName="child28" BuildableIdentifier="primary" BuildableName="child28.framework" ReferencedContainer="container:Project.xcodeproj"/></BuildActionEntry><BuildActionEntry buildForAnalyzing="YES" buildForArchiving="YES" buildForProfiling="YES" buildForRunning="YES" buildForTesting="YES"><BuildableReference BlueprintIdentifier="E66DC04E2C7B246300000000" BlueprintName="child29" BuildableIdentifier="primary" BuildableName="child29.framework" ReferencedContainer="container:Project.xcodeproj"/></BuildActionEntry><BuildActionEntry buildForAnalyzing="YES" buildForArchiving="YES" buildForProfiling="YES" buildForRunning="YES" buildForTesting="YES"><BuildableReference BlueprintIdentifier="E66DC04EAEDAAE9700000000" BlueprintName="child3" BuildableIdentifier="primary" BuildableName="child3.framework" ReferencedContainer="container:Project.xcodeproj"/></BuildActionEntry><BuildActionEntry buildForAnalyzing="YES" buildForArchiving="YES" buildForProfiling="YES" buildForRunning="YES" buildForTesting="YES"><BuildableReference BlueprintIdentifier="E66DC04E2C7B247900000000" BlueprintName="child30" BuildableIdentifier="primary" BuildableName="child30.framework" ReferencedContainer="container:Project.xcodeproj"/></BuildActionEntry><BuildActionEntry buildForAnalyzing="YES" buildForArchiving="YES" buildForProfiling="YES" buildForRunning="YES" buildForTesting="YES"><BuildableReference BlueprintIdentifier="E66DC04E2C7B247A00000000" BlueprintName="child31" BuildableIdentifier="primary" BuildableName="child31.framework" ReferencedContainer="container:Project.xcodeproj"/></BuildActionEntry><BuildActionEntry buildForAnalyzing="YES" buildForArchiving="YES" buildForProfiling="YES" buildForRunning="YES" buildForTesting="YES"><BuildableReference BlueprintIdentifier="E66DC04E2C7B247B00000000" BlueprintName="child32" BuildableIdentifier="primary" BuildableName="child32.framework" ReferencedContainer="container:Project.xcodeproj"/></BuildActionEntry><BuildActionEntry buildForAnalyzing="YES" buildForArchiving="YES" buildForProfiling="YES" buildForRunning="YES" buildForTesting="YES"><BuildableReference BlueprintIdentifier="E66DC04E2C7B247C00000000" BlueprintName="child33" BuildableIdentifier="primary" BuildableName="child33.framework" ReferencedContainer="container:Project.xcodeproj"/></BuildActionEntry><BuildActionEntry buildForAnalyzing="YES" buildForArchiving="YES" buildForProfiling="YES" buildForRunning="YES" buildForTesting="YES"><BuildableReference BlueprintIdentifier="E66DC04E2C7B247D00000000" BlueprintName="child34" BuildableIdentifier="primary" BuildableName="child34.framework" ReferencedContainer="container:Project.xcodeproj"/></BuildActionEntry><BuildActionEntry buildForAnalyzing="YES" buildForArchiving="YES" buildForProfiling="YES" buildForRunning="YES" buildForTesting="YES"><BuildableReference BlueprintIdentifier="E66DC04E2C7B247E00000000" BlueprintName="child35" BuildableIdentifier="primary" BuildableName="child35.framework" ReferencedContainer="container:Project.xcodeproj"/></BuildActionEntry><BuildActionEntry buildForAnalyzing="YES" buildForArchiving="YES" buildForProfiling="YES" buildForRunning="YES" buildForTesting="YES"><BuildableReference BlueprintIdentifier="E66DC04E2C7B247F00000000" BlueprintName="child36" BuildableIdentifier="primary" BuildableName="child36.framework" ReferencedContainer="container:Project.xcodeproj"/></BuildActionEntry><BuildActionEntry buildForAnalyzing="YES" buildForArchiving="YES" buildForProfiling="YES" buildForRunning="YES" buildForTesting="YES"><BuildableReference BlueprintIdentifier="E66DC04E2C7B248000000000" BlueprintName="child37" BuildableIdentifier="primary" BuildableName="child37.framework" ReferencedContainer="container:Project.xcodeproj"/></BuildActionEntry><BuildActionEntry buildForAnalyzing="YES" buildForArchiving="YES" buildForProfiling="YES" buildForRunning="YES" buildForTesting="YES"><BuildableReference BlueprintIdentifier="E66DC04E2C7B248100000000" BlueprintName="child38" BuildableIdentifier="primary" BuildableName="child38.framework" ReferencedContainer="container:Project.xcodeproj"/></BuildActionEntry><BuildActionEntry buildForAnalyzing="YES" buildForArchiving="YES" buildForProfiling="YES" buildForRunning="YES" buildForTesting="YES"><BuildableReference BlueprintIdentifier="E66DC04E2C7B248200000000" BlueprintName="child39" BuildableIdentifier="primary" BuildableName="child39.framework" ReferencedContainer="container:Project.xcodeproj"/></BuildActionEntry><BuildActionEntry buildForAnalyzing="YES" buildForArchiving="YES" buildForProfiling="YES" buildForRunning="YES" buildForTesting="YES"><BuildableReference BlueprintIdentifier="E66DC04EAEDAAE9800000000" BlueprintName="child4" BuildableIdentifier="primary" BuildableName="child4.framework" ReferencedContainer="container:Project.xcodeproj"/></BuildActionEntry><BuildActionEntry buildForAnalyzing="YES" buildForArchiving="YES" buildForProfiling="YES" buildForRunning="YES" buildForTesting="YES"><BuildableReference BlueprintIdentifier="E66DC04E2C7B249800000000" BlueprintName="child40" BuildableIdentifier="primary" BuildableName="child40.framework" ReferencedContainer="container:Project.xcodeproj"/></BuildActionEntry><BuildActionEntry buildForAnalyzing="YES" buildForArchiving="YES" buildForProfiling="YES" buildForRunning="YES" buildForTesting="YES"><BuildableReference BlueprintIdentifier="E66DC04E2C7B249900000000" BlueprintName="child41" BuildableIdentifier="primary" BuildableName="child41.framework" ReferencedContainer="container:Project.xcodeproj"/></BuildActionEntry><BuildActionEntry buildForAnalyzing="YES" buildForArchiving="YES" buildForProfiling="YES" buildForRunning="YES" buildForTesting="YES"><BuildableReference BlueprintIdentifier="E66DC04E2C7B249A00000000" BlueprintName="child42" BuildableIdentifier="primary" BuildableName="child42.framework" ReferencedContainer="container:Project.xcodeproj"/></BuildActionEntry><BuildActionEntry buildForAnalyzing="YES" buildForArchiving="YES" buildForProfiling="YES" buildForRunning="YES" buildForTesting="YES"><BuildableReference BlueprintIdentifier="E66DC04E2C7B249B00000000" BlueprintName="child43" BuildableIdentifier="primary" BuildableName="child43.framework" ReferencedContainer="container:Project.xcodeproj"/></BuildActionEntry><BuildActionEntry buildForAnalyzing="YES" buildForArchiving="YES" buildForProfiling="YES" buildForRunning="YES" buildForTesting="YES"><BuildableReference BlueprintIdentifier="E66DC04E2C7B249C00000000" BlueprintName="child44" BuildableIdentifier="primary" BuildableName="child44.framework" ReferencedContainer="container:Project.xcodeproj"/></BuildActionEntry><BuildActionEntry buildForAnalyzing="YES" buildForArchiving="YES" buildForProfiling="YES" buildForRunning="YES" buildForTesting="YES"><BuildableReference BlueprintIdentifier="E66DC04E2C7B249D00000000" BlueprintName="child45" BuildableIdentifier="primary" BuildableName="child45.framework" ReferencedContainer="container:Project.xcodeproj"/></BuildActionEntry><BuildActionEntry buildForAnalyzing="YES" buildForArchiving="YES" buildForProfiling="YES" buildForRunning="YES" buildForTesting="YES"><BuildableReference BlueprintIdentifier="E66DC04E2C7B249E00000000" BlueprintName="child46" BuildableIdentifier="primary" BuildableName="child46.framework" ReferencedContainer="container:Project.xcodeproj"/></BuildActionEntry><BuildActionEntry buildForAnalyzing="YES" buildForArchiving="YES" buildForProfiling="YES" buildForRunning="YES" buildForTesting="YES"><BuildableReference BlueprintIdentifier="E66DC04E2C7B249F00000000" BlueprintName="child47" BuildableIdentifier="primary" BuildableName="child47.framework" ReferencedContainer="container:Project.xcodeproj"/></BuildActionEntry><BuildActionEntry buildForAnalyzing="YES" buildForArchiving="YES" buildForProfiling="YES" buildForRunning="YES" buildForTesting="YES"><BuildableReference BlueprintIdentifier="E66DC04E2C7B24A000000000" BlueprintName="child48" BuildableIdentifier="primary" BuildableName="child48.framework" ReferencedContainer="container:Project.xcodeproj"/></BuildActionEntry><BuildActionEntry buildForAnalyzing="YES" buildForArchiving="YES" buildForProfiling="YES" buildForRunning="YES" buildForTesting="YES"><BuildableReference BlueprintIdentifier="E66DC04E2C7B24A100000000" BlueprintName="child49" BuildableIdentifier="primary" BuildableName="child49.framework" ReferencedContainer="container:Project.xcodeproj"/></BuildActionEntry><BuildActionEntry buildForAnalyzing="YES" buildForArchiving="YES" buildForProfiling="YES" buildForRunning="YES" buildForTesting="YES"><BuildableReference BlueprintIdentifier="E66DC04EAEDAAE9900000000" BlueprintName="child5" BuildableIdentifier="primary" BuildableName="child5.framework" ReferencedContainer="container:Project.xcodeproj"/></BuildActionEntry><BuildActionEntry buildForAnalyzing="YES" buildForArchiving="YES" buildForProfiling="YES" buildForRunning="YES" buildForTesting="YES"><BuildableReference BlueprintIdentifier="E66DC04E2C7B24B700000000" BlueprintName="child50" BuildableIdentifier="primary" BuildableName="child50.framework" ReferencedContainer="container:Project.xcodeproj"/></BuildActionEntry><BuildActionEntry buildForAnalyzing="YES" buildForArchiving="YES" buildForProfiling="YES" buildForRunning="YES" buildForTesting="YES"><BuildableReference BlueprintIdentifier="E66DC04E2C7B24B800000000" BlueprintName="child51" BuildableIdentifier="primary" BuildableName="child51.framework" ReferencedContainer="container:Project.xcodeproj"/></BuildActionEntry><BuildActionEntry buildForAnalyzing="YES" buildForArchiving="YES" buildForProfiling="YES" buildForRunning="YES" buildForTesting="YES"><BuildableReference BlueprintIdentifier="E66DC04E2C7B24B900000000" BlueprintName="child52" BuildableIdentifier="primary" BuildableName="child52.framework" ReferencedContainer="container:Project.xcodeproj"/></BuildActionEntry><BuildActionEntry buildForAnalyzing="YES" buildForArchiving="YES" buildForProfiling="YES" buildForRunning="YES" buildForTesting="YES"><BuildableReference BlueprintIdentifier="E66DC04E2C7B24BA00000000" BlueprintName="child53" BuildableIdentifier="primary" BuildableName="child53.framework" ReferencedContainer="container:Project.xcodeproj"/></BuildActionEntry><BuildActionEntry buildForAnalyzing="YES" buildForArchiving="YES" buildForProfiling="YES" buildForRunning="YES" buildForTesting="YES"><BuildableReference BlueprintIdentifier="E66DC04E2C7B24BB00000000" BlueprintName="child54" BuildableIdentifier="primary" BuildableName="child54.framework" ReferencedContainer="container:Project.xcodeproj"/></BuildActionEntry><BuildActionEntry buildForAnalyzing="YES" buildForArchiving="YES" buildForProfiling="YES" buildForRunning="YES" buildForTesting="YES"><BuildableReference BlueprintIdentifier="E66DC04E2C7B24BC00000000" BlueprintName="child55" BuildableIdentifier="primary" BuildableName="child55.framework" ReferencedContainer="container:Project.xcodeproj"/></BuildActionEntry><BuildActionEntry buildForAnalyzing="YES" buildForArchiving="YES" buildForProfiling="YES" buildForRunning="YES" buildForTesting="YES"><BuildableReference BlueprintIdentifier="E66DC04E2C7B24BD00000000" BlueprintName="child56" BuildableIdentifier="primary" BuildableName="child56.framework" ReferencedContainer="container:Project.xcodeproj"/></BuildActionEntry><BuildActionEntry buildForAnalyzing="YES" buildForArchiving="YES" buildForProfiling="YES" buildForRunning="YES" buildForTesting="YES"><BuildableReference BlueprintIdentifier="E66DC04E2C7B24BE00000000" BlueprintName="child57" BuildableIdentifier="primary" BuildableName="child57.framework" ReferencedContainer="container:Project.xcodeproj"/></BuildActionEntry><BuildActionEntry buildForAnalyzing="YES" buildForArchiving="YES" buildForProfiling="YES" buildForRunning="YES" buildForTesting="YES"><BuildableReference BlueprintIdentifier="E66DC04E2C7B24BF00000000" BlueprintName="child58" BuildableIdentifier="primary" BuildableName="child58.framework" ReferencedContainer="container:Project.xcodeproj"/></BuildActionEntry><BuildActionEntry buildForAnalyzing="YES" buildForArchiving="YES" buildForProfiling="YES" buildForRunning="YES" buildForTesting="YES"><BuildableReference BlueprintIdentifier="E66DC04E2C7B24C000000000" BlueprintName="child59" BuildableIdentifier="primary" BuildableName="child59.framework" ReferencedContainer="container:Project.xcodeproj"/></BuildActionEntry><BuildActionEntry buildForAnalyzing="YES" buildForArchiving="YES" buildForProfiling="YES" buildForRunning="YES" buildForTesting="YES"><BuildableReference BlueprintIdentifier="E66DC04EAEDAAE9A00000000" BlueprintName="child6" BuildableIdentifier="primary" BuildableName="child6.framework" ReferencedContainer="container:Project.xcodeproj"/></BuildActionEntry><BuildActionEntry buildForAnalyzing="YES" buildForArchiving="YES" buildForProfiling="YES" buildForRunning="YES" buildForTesting="YES"><BuildableReference BlueprintIdentifier="E66DC04E2C7B24D600000000" BlueprintName="child60" BuildableIdentifier="primary" BuildableName="child60.framework" ReferencedContainer="container:Project.xcodeproj"/></BuildActionEntry><BuildActionEntry buildForAnalyzing="YES" buildForArchiving="YES" buildForProfiling="YES" buildForRunning="YES" buildForTesting="YES"><BuildableReference BlueprintIdentifier="E66DC04E2C7B24D700000000" BlueprintName="child61" BuildableIdentifier="primary" BuildableName="child61.framework" ReferencedContainer="container:Project.xcodeproj"/></BuildActionEntry><BuildActionEntry buildForAnalyzing="YES" buildForArchiving="YES" buildForProfiling="YES" buildForRunning="YES" buildForTesting="YES"><BuildableReference BlueprintIdentifier="E66DC04E2C7B24D800000000" BlueprintName="child62" BuildableIdentifier="primary" BuildableName="child62.framework" ReferencedContainer="container:Project.xcodeproj"/></BuildActionEntry><BuildActionEntry buildForAnalyzing="YES" buildForArchiving="YES" buildForProfiling="YES" buildForRunning="YES" buildForTesting="YES"><BuildableReference BlueprintIdentifier="E66DC04E2C7B24D900000000" BlueprintName="child63" BuildableIdentifier="primary" BuildableName="child63.framework" ReferencedContainer="container:Project.xcodeproj"/></BuildActionEntry><BuildActionEntry buildForAnalyzing="YES" buildForArchiving="YES" buildForProfiling="YES" buildForRunning="YES" buildForTesting="YES"><BuildableReference BlueprintIdentifier="E66DC04E2C7B24DA00000000" BlueprintName="child64" BuildableIdentifier="primary" BuildableName="child64.framework" ReferencedContainer="container:Project.xcodeproj"/></BuildActionEntry><BuildActionEntry buildForAnalyzing="YES" buildForArchiving="YES" buildForProfiling="YES" buildForRunning="YES" buildForTesting="YES"><BuildableReference BlueprintIdentifier="E66DC04E2C7B24DB00000000" BlueprintName="child65" BuildableIdentifier="primary" BuildableName="child65.framework" ReferencedContainer="container:Project.xcodeproj"/></BuildActionEntry><BuildActionEntry buildForAnalyzing="YES" buildForArchiving="YES" buildForProfiling="YES" buildForRunning="YES" buildForTesting="YES"><BuildableReference BlueprintIdentifier="E66DC04E2C7B24DC00000000" BlueprintName="child66" BuildableIdentifier="primary" BuildableName="child66.framework" ReferencedContainer="container:Project.xcodeproj"/></BuildActionEntry><BuildActionEntry buildForAnalyzing="YES" buildForArchiving="YES" buildForProfiling="YES" buildForRunning="YES" buildForTesting="YES"><BuildableReference BlueprintIdentifier="E66DC04E2C7B24DD00000000" BlueprintName="child67" BuildableIdentifier="primary" BuildableName="child67.framework" ReferencedContainer="container:Project.xcodeproj"/></BuildActionEntry><BuildActionEntry buildForAnalyzing="YES" buildForArchiving="YES" buildForProfiling="YES" buildForRunning="YES" buildForTesting="YES"><BuildableReference BlueprintIdentifier="E66DC04E2C7B24DE00000000" BlueprintName="child68" BuildableIdentifier="primary" BuildableName="child68.framework" ReferencedContainer="container:Project.xcodeproj"/></BuildActionEntry><BuildActionEntry buildForAnalyzing="YES" buildForArchiving="YES" buildForProfiling="YES" buildForRunning="YES" buildForTesting="YES"><BuildableReference BlueprintIdentifier="E66DC04E2C7B24DF00000000" BlueprintName="child69" BuildableIdentifier="primary" BuildableName="child69.framework" ReferencedContainer="container:Project.xcodeproj"/></BuildActionEntry><BuildActionEntry buildForAnalyzing="YES" buildForArchiving="YES" buildForProfiling="YES" buildForRunning="YES" buildForTesting="YES"><BuildableReference BlueprintIdentifier="E66DC04EAEDAAE9B00000000" BlueprintName="child7" BuildableIdentifier="primary" BuildableName="child7.framework" ReferencedContainer="container:Project.xcodeproj"/></BuildActionEntry><BuildActionEntry buildForAnalyzing="YES" buildForArchiving="YES" buildForProfiling="YES" buildForRunning="YES" buildForTesting="YES"><BuildableReference BlueprintIdentifier="E66DC04E2C7B24F500000000" BlueprintName="child70" BuildableIdentifier="primary" BuildableName="child70.framework" ReferencedContainer="container:Project.xcodeproj"/></BuildActionEntry><BuildActionEntry buildForAnalyzing="YES" buildForArchiving="YES" buildForProfiling="YES" buildForRunning="YES" buildForTesting="YES"><BuildableReference BlueprintIdentifier="E66DC04E2C7B24F600000000" BlueprintName="child71" BuildableIdentifier="primary" BuildableName="child71.framework" ReferencedContainer="container:Project.xcodeproj"/></BuildActionEntry><BuildActionEntry buildForAnalyzing="YES" buildForArchiving="YES" buildForProfiling="YES" buildForRunning="YES" buildForTesting="YES"><BuildableReference BlueprintIdentifier="E66DC04E2C7B24F700000000" BlueprintName="child72" BuildableIdentifier="primary" BuildableName="child72.framework" ReferencedContainer="container:Project.xcodeproj"/></BuildActionEntry><BuildActionEntry buildForAnalyzing="YES" buildForArchiving="YES" buildForProfiling="YES" buildForRunning="YES" buildForTesting="YES"><BuildableReference BlueprintIdentifier="E66DC04E2C7B24F800000000" BlueprintName="child73" BuildableIdentifier="primary" BuildableName="child73.framework" ReferencedContainer="container:Project.xcodeproj"/></BuildActionEntry><BuildActionEntry buildForAnalyzing="YES" buildForArchiving="YES" buildForProfiling="YES" buildForRunning="YES" buildForTesting="YES"><BuildableReference BlueprintIdentifier="E66DC04E2C7B24F900000000" BlueprintName="child74" BuildableIdentifier="primary" BuildableName="child74.framework" ReferencedContainer="container:Project.xcodeproj"/></BuildActionEntry><BuildActionEntry buildForAnalyzing="YES" buildForArchiving="YES" buildForProfiling="YES" buildForRunning="YES" buildForTesting="YES"><BuildableReference BlueprintIdentifier="E66DC04E2C7B24FA00000000" BlueprintName="child75" BuildableIdentifier="primary" BuildableName="child75.framework" ReferencedContainer="container:Project.xcodeproj"/></BuildActionEntry><BuildActionEntry buildForAnalyzing="YES" buildForArchiving="YES" buildForProfiling="YES" buildForRunning="YES" buildForTesting="YES"><BuildableReference BlueprintIdentifier="E66DC04E2C7B24FB00000000" BlueprintName="child76" BuildableIdentifier="primary" BuildableName="child76.framework" ReferencedContainer="container:Project.xcodeproj"/></BuildActionEntry><BuildActionEntry buildForAnalyzing="YES" buildForArchiving="YES" buildForProfiling="YES" buildForRunning="YES" buildForTesting="YES"><BuildableReference BlueprintIdentifier="E66DC04E2C7B24FC00000000" BlueprintName="child77" BuildableIdentifier="primary" BuildableName="child77.framework" ReferencedContainer="container:Project.xcodeproj"/></BuildActionEntry><BuildActionEntry buildForAnalyzing="YES" buildForArchiving="YES" buildForProfiling="YES" buildForRunning="YES" buildForTesting="YES"><BuildableReference BlueprintIdentifier="E66DC04E2C7B24FD00000000" BlueprintName="child78" BuildableIdentifier="primary" BuildableName="child78.framework" ReferencedContainer="container:Project.xcodeproj"/></BuildActionEntry><BuildActionEntry buildForAnalyzing="YES" buildForArchiving="YES" buildForProfiling="YES" buildForRunning="YES" buildForTesting="YES"><BuildableReference BlueprintIdentifier="E66DC04E2C7B24FE00000000" BlueprintName="child79" BuildableIdentifier="primary" BuildableName="child79.framework" ReferencedContainer="container:Project.xcodeproj"/></BuildActionEntry><BuildActionEntry buildForAnalyzing="YES" buildForArchiving="YES" buildForProfiling="YES" buildForRunning="YES" buildForTesting="YES"><BuildableReference BlueprintIdentifier="E66DC04EAEDAAE9C00000000" BlueprintName="child8" BuildableIdentifier="primary" BuildableName="child8.framework" ReferencedContainer="container:Project.xcodeproj"/></BuildActionEntry><BuildActionEntry buildForAnalyzing="YES" buildForArchiving="YES" buildForProfiling="YES" buildForRunning="YES" buildForTesting="YES"><BuildableReference BlueprintIdentifier="E66DC04E2C7B251400000000" BlueprintName="child80" BuildableIdentifier="primary" BuildableName="child80.framework" ReferencedContainer="container:Project.xcodeproj"/></BuildActionEntry><BuildActionEntry buildForAnalyzing="YES" buildForArchiving="YES" buildForProfiling="YES" buildForRunning="YES" buildForTesting="YES"><BuildableReference BlueprintIdentifier="E66DC04E2C7B251500000000" BlueprintName="child81" BuildableIdentifier="primary" BuildableName="child81.framework" ReferencedContainer="container:Project.xcodeproj"/></BuildActionEntry><BuildActionEntry buildForAnalyzing="YES" buildForArchiving="YES" buildForProfiling="YES" buildForRunning="YES" buildForTesting="YES"><BuildableReference BlueprintIdentifier="E66DC04E2C7B251600000000" BlueprintName="child82" BuildableIdentifier="primary" BuildableName="child82.framework" ReferencedContainer="container:Project.xcodeproj"/></BuildActionEntry><BuildActionEntry buildForAnalyzing="YES" buildForArchiving="YES" buildForProfiling="YES" buildForRunning="YES" buildForTesting="YES"><BuildableReference BlueprintIdentifier="E66DC04E2C7B251700000000" BlueprintName="child83" BuildableIdentifier="primary" BuildableName="child83.framework" ReferencedContainer="container:Project.xcodeproj"/></BuildActionEntry><BuildActionEntry buildForAnalyzing="YES" buildForArchiving="YES" buildForProfiling="YES" buildForRunning="YES" buildForTesting="YES"><BuildableReference BlueprintIdentifier="E66DC04E2C7B251800000000" BlueprintName="child84" BuildableIdentifier="primary" BuildableName="child84.framework" ReferencedContainer="container:Project.xcodeproj"/></BuildActionEntry><BuildActionEntry buildForAnalyzing="YES" buildForArchiving="YES" buildForProfiling="YES" buildForRunning="YES" buildForTesting="YES"><BuildableReference BlueprintIdentifier="E66DC04E2C7B251900000000" BlueprintName="child85" BuildableIdentifier="primary" BuildableName="child85.framework" ReferencedContainer="container:Project.xcodeproj"/></BuildActionEntry><BuildActionEntry buildForAnalyzing="YES" buildForArchiving="YES" buildForProfiling="YES" buildForRunning="YES" buildForTesting="YES"><BuildableReference BlueprintIdentifier="E66DC04E2C7B251A00000000" BlueprintName="child86" BuildableIdentifier="primary" BuildableName="child86.framework" ReferencedContainer="container:Project.xcodeproj"/></BuildActionEntry><BuildActionEntry buildForAnalyzing="YES" buildForArchiving="YES" buildForProfiling="YES" buildForRunning="YES" buildForTesting="YES"><BuildableReference BlueprintIdentifier="E66DC04E2C7B251B00000000" BlueprintName="child87" BuildableIdentifier="primary" BuildableName="child87.framework" ReferencedContainer="container:Project.xcodeproj"/></BuildActionEntry><BuildActionEntry buildForAnalyzing="YES" buildForArchiving="YES" buildForProfiling="YES" buildForRunning="YES" buildForTesting="YES"><BuildableReference BlueprintIdentifier="E66DC04E2C7B251C00000000" BlueprintName="child88" BuildableIdentifier="primary" BuildableName="child88.framework" ReferencedContainer="container:Project.xcodeproj"/></BuildActionEntry><BuildActionEntry buildForAnalyzing="YES" buildForArchiving="YES" buildForProfiling="YES" buildForRunning="YES" buildForTesting="YES"><BuildableReference BlueprintIdentifier="E66DC04E2C7B251D00000000" BlueprintName="child89" BuildableIdentifier="primary" BuildableName="child89.framework" ReferencedContainer="container:Project.xcodeproj"/></BuildActionEntry><BuildActionEntry buildForAnalyzing="YES" buildForArchiving="YES" buildForProfiling="YES" buildForRunning="YES" buildForTesting="YES"><BuildableReference BlueprintIdentifier="E66DC04EAEDAAE9D00000000" BlueprintName="child9" BuildableIdentifier="primary" BuildableName="child9.framework" ReferencedContainer="container:Project.xcodeproj"/></BuildActionEntry><BuildActionEntry buildForAnalyzing="YES" buildForArchiving="YES" buildForProfiling="YES" buildForRunning="YES" buildForTesting="YES"><BuildableReference BlueprintIdentifier="E66DC04E2C7B253300000000" BlueprintName="child90" BuildableIdentifier="primary" BuildableName="child90.framework" ReferencedContainer="container:Project.xcodeproj"/></BuildActionEntry><BuildActionEntry buildForAnalyzing="YES" buildForArchiving="YES" buildForProfiling="YES" buildForRunning="YES" buildForTesting="YES"><BuildableReference BlueprintIdentifier="E66DC04E2C7B253400000000" BlueprintName="child91" BuildableIdentifier="primary" BuildableName="child91.framework" ReferencedContainer="container:Project.xcodeproj"/></BuildActionEntry><BuildActionEntry buildForAnalyzing="YES" buildForArchiving="YES" buildForProfiling="YES" buildForRunning="YES" buildForTesting="YES"><BuildableReference BlueprintIdentifier="E66DC04E2C7B253500000000" BlueprintName="child92" BuildableIdentifier="primary" BuildableName="child92.framework" ReferencedContainer="container:Project.xcodeproj"/></BuildActionEntry><BuildActionEntry buildForAnalyzing="YES" buildForArchiving="YES" buildForProfiling="YES" buildForRunning="YES" buildForTesting="YES"><BuildableReference BlueprintIdentifier="E66DC04E2C7B253600000000" BlueprintName="child93" BuildableIdentifier="primary" BuildableName="child93.framework" ReferencedContainer="container:Project.xcodeproj"/></BuildActionEntry><BuildActionEntry buildForAnalyzing="YES" buildForArchiving="YES" buildForProfiling="YES" buildForRunning="YES" buildForTesting="YES"><BuildableReference BlueprintIdentifier="E66DC04E2C7B253700000000" BlueprintName="child94" BuildableIdentifier="primary" BuildableName="child94.framework" ReferencedContainer="container:Project.xcodeproj"/></BuildActionEntry><BuildActionEntry buildForAnalyzing="YES" buildForArchiving="YES" buildForProfiling="YES" buildForRunning="YES" buildForTesting="YES"><BuildableReference BlueprintIdentifier="E66DC04E2C7B253800000000" BlueprintName="child95" BuildableIdentifier="primary" BuildableName="child95.framework" ReferencedContainer="container:Project.xcodeproj"/></BuildActionEntry><BuildActionEntry buildForAnalyzing="YES" buildForArchiving="YES" buildForProfiling="YES" buildForRunning="YES" buildForTesting="YES"><BuildableReference BlueprintIdentifier="E66DC04E2C7B253900000000" BlueprintName="child96" BuildableIdentifier="primary" BuildableName="child96.framework" ReferencedContainer="container:Project.xcodeproj"/></BuildActionEntry><BuildActionEntry buildForAnalyzing="YES" buildForArchiving="YES" buildForProfiling="YES" buildForRunning="YES" buildForTesting="YES"><BuildableReference BlueprintIdentifier="E66DC04E2C7B253A00000000" BlueprintName="child97" BuildableIdentifier="primary" BuildableName="child97.framework" ReferencedContainer="container:Project.xcodeproj"/></BuildActionEntry><BuildActionEntry buildForAnalyzing="YES" buildForArchiving="YES" buildForProfiling="YES" buildForRunning="YES" buildForTesting="YES"><BuildableReference BlueprintIdentifier="E66DC04E2C7B253B00000000" BlueprintName="child98" BuildableIdentifier="primary" BuildableName="child98.framework" ReferencedContainer="container:Project.xcodeproj"/></BuildActionEntry><BuildActionEntry buildForAnalyzing="YES" buildForArchiving="YES" buildForProfiling="YES" buildForRunning="YES" buildForTesting="YES"><BuildableReference BlueprintIdentifier="E66DC04E2C7B253C00000000" BlueprintName="child99" BuildableIdentifier="primary" BuildableName="child99.framework" ReferencedContainer="container:Project.xcodeproj"/></BuildActionEntry><BuildActionEntry buildForAnalyzing="YES" buildForArchiving="YES" buildForProfiling="YES" buildForRunning="YES" buildForTesting="YES"><BuildableReference BlueprintIdentifier="E66DC04EADDF308200000000" BlueprintName="bundle" BuildableIdentifier="primary" BuildableName="bundle.app" ReferencedContainer="container:Project.xcodeproj"/></BuildActionEntry></BuildActionEntries></BuildAction><TestAction buildConfiguration="Debug" shouldUseLaunchSchemeArgsEnv="YES"><Testables/></TestAction><LaunchAction buildConfiguration="Debug" launchStyle="0"><BuildableProductRunnable><BuildableReference BlueprintIdentifier="E66DC04EADDF308200000000" BlueprintName="bundle" BuildableIdentifier="primary" BuildableName="bundle.app" ReferencedContainer="container:Project.xcodeproj"/></BuildableProductRunnable></LaunchAction><ProfileAction buildConfiguration="Release" shouldUseLaunchSchemeArgsEnv="YES"><BuildableProductRunnable><BuildableReference BlueprintIdentifier="E66DC04EADDF308200000000" BlueprintName="bundle" BuildableIdentifier="primary" BuildableName="bundle.app" ReferencedContainer="container:Project.xcodeproj"/></BuildableProductRunnable></ProfileAction><AnalyzeAction buildConfiguration="Debug"/><ArchiveAction buildConfiguration="Release" revealArchiveInOrganizer="YES"/></Scheme>